// !$*UTF8*$!
{
	archiveVersion = 1;
	classes = {
	};
	objectVersion = 52;
	objects = {

/* Begin PBXBuildFile section */
		2814C1EA26E765690054FD5B /* PdfView.swift in Sources */ = {isa = PBXBuildFile; fileRef = 2814C1E926E765690054FD5B /* PdfView.swift */; };
		2814C1EE26E88F510054FD5B /* HtmlView.swift in Sources */ = {isa = PBXBuildFile; fileRef = 2814C1ED26E88F510054FD5B /* HtmlView.swift */; };
		2814C1F226E8E3E50054FD5B /* InvoiceData.swift in Sources */ = {isa = PBXBuildFile; fileRef = 2814C1F126E8E3E50054FD5B /* InvoiceData.swift */; };
		2814C1F426E910930054FD5B /* Numbers.swift in Sources */ = {isa = PBXBuildFile; fileRef = 2814C1F326E910930054FD5B /* Numbers.swift */; };
		2814C1F626E9323A0054FD5B /* Date.swift in Sources */ = {isa = PBXBuildFile; fileRef = 2814C1F526E9323A0054FD5B /* Date.swift */; };
		2867F84827063C9C002CA8CC /* History.swift in Sources */ = {isa = PBXBuildFile; fileRef = 2867F84727063C9C002CA8CC /* History.swift */; };
		2867F84A27065729002CA8CC /* SandboxManager.swift in Sources */ = {isa = PBXBuildFile; fileRef = 2867F84927065729002CA8CC /* SandboxManager.swift */; };
		2867F84C270B595C002CA8CC /* CompanyDetailsView.swift in Sources */ = {isa = PBXBuildFile; fileRef = 2867F84B270B595C002CA8CC /* CompanyDetailsView.swift */; };
		28C0435D274BA69F0057C0D0 /* BarChart in Frameworks */ = {isa = PBXBuildFile; productRef = 28C0435C274BA69F0057C0D0 /* BarChart */; };
		28C04362274E2D7B0057C0D0 /* Report.swift in Sources */ = {isa = PBXBuildFile; fileRef = 28C04361274E2D7B0057C0D0 /* Report.swift */; };
		28C04364274E2F140057C0D0 /* ReportsInteractor.swift in Sources */ = {isa = PBXBuildFile; fileRef = 28C04363274E2F140057C0D0 /* ReportsInteractor.swift */; };
		28C0436E274E9EE00057C0D0 /* InvoicesTests.swift in Sources */ = {isa = PBXBuildFile; fileRef = 28C0436D274E9EE00057C0D0 /* InvoicesTests.swift */; };
		28C04374274E9F1C0057C0D0 /* ReportsInteractorTests.swift in Sources */ = {isa = PBXBuildFile; fileRef = 28C04365274E9D3E0057C0D0 /* ReportsInteractorTests.swift */; };
		28C61819273BF43C0044ABBB /* InvoiceFolder.swift in Sources */ = {isa = PBXBuildFile; fileRef = 28C61818273BF43C0044ABBB /* InvoiceFolder.swift */; };
		28D81C302733D49000209EAC /* CompanyDetailsStore.swift in Sources */ = {isa = PBXBuildFile; fileRef = 28D81C2F2733D49000209EAC /* CompanyDetailsStore.swift */; };
		28D81C322733D94900209EAC /* InvoiceView.swift in Sources */ = {isa = PBXBuildFile; fileRef = 28D81C312733D94900209EAC /* InvoiceView.swift */; };
		28D81C342733D95700209EAC /* InvoiceStore.swift in Sources */ = {isa = PBXBuildFile; fileRef = 28D81C332733D95700209EAC /* InvoiceStore.swift */; };
		28D81C3E27358BD300209EAC /* InvoiceEditingView.swift in Sources */ = {isa = PBXBuildFile; fileRef = 28D81C3D27358BD200209EAC /* InvoiceEditingView.swift */; };
		28D81C4027358BE600209EAC /* InvoiceEditingStore.swift in Sources */ = {isa = PBXBuildFile; fileRef = 28D81C3F27358BE600209EAC /* InvoiceEditingStore.swift */; };
		28D81C432736434C00209EAC /* SwiftCSV in Frameworks */ = {isa = PBXBuildFile; productRef = 28D81C422736434C00209EAC /* SwiftCSV */; };
		28D81C4827380A2900209EAC /* ReportView.swift in Sources */ = {isa = PBXBuildFile; fileRef = 28D81C4727380A2900209EAC /* ReportView.swift */; };
		28D81C4A27380A4200209EAC /* ReportStore.swift in Sources */ = {isa = PBXBuildFile; fileRef = 28D81C4927380A4200209EAC /* ReportStore.swift */; };
		28D81C4D2738D2BA00209EAC /* ReportRowView.swift in Sources */ = {isa = PBXBuildFile; fileRef = 28D81C4C2738D2BA00209EAC /* ReportRowView.swift */; };
		28D81C532738F32100209EAC /* template_invoice.html in Resources */ = {isa = PBXBuildFile; fileRef = 28D81C4E2738F32100209EAC /* template_invoice.html */; };
		28D81C542738F32100209EAC /* template_report.html in Resources */ = {isa = PBXBuildFile; fileRef = 28D81C4F2738F32100209EAC /* template_report.html */; };
		28D81C552738F32100209EAC /* template_report_project.html in Resources */ = {isa = PBXBuildFile; fileRef = 28D81C502738F32100209EAC /* template_report_project.html */; };
		28D81C562738F32100209EAC /* template_report_row.html in Resources */ = {isa = PBXBuildFile; fileRef = 28D81C512738F32100209EAC /* template_report_row.html */; };
		28D81C572738F32100209EAC /* template_invoice_row.html in Resources */ = {isa = PBXBuildFile; fileRef = 28D81C522738F32100209EAC /* template_invoice_row.html */; };
		28F91D4E26A1AC110057C5CC /* InvoicesApp.swift in Sources */ = {isa = PBXBuildFile; fileRef = 28F91D4D26A1AC110057C5CC /* InvoicesApp.swift */; };
		28F91D5026A1AC110057C5CC /* ContentView.swift in Sources */ = {isa = PBXBuildFile; fileRef = 28F91D4F26A1AC110057C5CC /* ContentView.swift */; };
		28F91D5226A1AC150057C5CC /* Assets.xcassets in Resources */ = {isa = PBXBuildFile; fileRef = 28F91D5126A1AC150057C5CC /* Assets.xcassets */; };
		28F91D5526A1AC150057C5CC /* Preview Assets.xcassets in Resources */ = {isa = PBXBuildFile; fileRef = 28F91D5426A1AC150057C5CC /* Preview Assets.xcassets */; };
		28F91D5E26A1B33B0057C5CC /* ContentStore.swift in Sources */ = {isa = PBXBuildFile; fileRef = 28F91D5D26A1B33B0057C5CC /* ContentStore.swift */; };
/* End PBXBuildFile section */

/* Begin PBXContainerItemProxy section */
		28C0436F274E9EE00057C0D0 /* PBXContainerItemProxy */ = {
			isa = PBXContainerItemProxy;
			containerPortal = 28F91D4226A1AC100057C5CC /* Project object */;
			proxyType = 1;
			remoteGlobalIDString = 28F91D4926A1AC100057C5CC;
			remoteInfo = Invoices;
		};
/* End PBXContainerItemProxy section */

/* Begin PBXFileReference section */
		2814C1E926E765690054FD5B /* PdfView.swift */ = {isa = PBXFileReference; lastKnownFileType = sourcecode.swift; path = PdfView.swift; sourceTree = "<group>"; };
		2814C1ED26E88F510054FD5B /* HtmlView.swift */ = {isa = PBXFileReference; lastKnownFileType = sourcecode.swift; path = HtmlView.swift; sourceTree = "<group>"; };
		2814C1F126E8E3E50054FD5B /* InvoiceData.swift */ = {isa = PBXFileReference; lastKnownFileType = sourcecode.swift; path = InvoiceData.swift; sourceTree = "<group>"; };
		2814C1F326E910930054FD5B /* Numbers.swift */ = {isa = PBXFileReference; lastKnownFileType = sourcecode.swift; path = Numbers.swift; sourceTree = "<group>"; };
		2814C1F526E9323A0054FD5B /* Date.swift */ = {isa = PBXFileReference; lastKnownFileType = sourcecode.swift; path = Date.swift; sourceTree = "<group>"; };
		2867F84727063C9C002CA8CC /* History.swift */ = {isa = PBXFileReference; fileEncoding = 4; lastKnownFileType = sourcecode.swift; path = History.swift; sourceTree = "<group>"; };
		2867F84927065729002CA8CC /* SandboxManager.swift */ = {isa = PBXFileReference; lastKnownFileType = sourcecode.swift; path = SandboxManager.swift; sourceTree = "<group>"; };
		2867F84B270B595C002CA8CC /* CompanyDetailsView.swift */ = {isa = PBXFileReference; lastKnownFileType = sourcecode.swift; path = CompanyDetailsView.swift; sourceTree = "<group>"; };
		28C04361274E2D7B0057C0D0 /* Report.swift */ = {isa = PBXFileReference; lastKnownFileType = sourcecode.swift; path = Report.swift; sourceTree = "<group>"; };
		28C04363274E2F140057C0D0 /* ReportsInteractor.swift */ = {isa = PBXFileReference; lastKnownFileType = sourcecode.swift; path = ReportsInteractor.swift; sourceTree = "<group>"; };
		28C04365274E9D3E0057C0D0 /* ReportsInteractorTests.swift */ = {isa = PBXFileReference; lastKnownFileType = sourcecode.swift; path = ReportsInteractorTests.swift; sourceTree = "<group>"; };
		28C0436B274E9EE00057C0D0 /* InvoicesTests.xctest */ = {isa = PBXFileReference; explicitFileType = wrapper.cfbundle; includeInIndex = 0; path = InvoicesTests.xctest; sourceTree = BUILT_PRODUCTS_DIR; };
		28C0436D274E9EE00057C0D0 /* InvoicesTests.swift */ = {isa = PBXFileReference; lastKnownFileType = sourcecode.swift; path = InvoicesTests.swift; sourceTree = "<group>"; };
		28C61818273BF43C0044ABBB /* InvoiceFolder.swift */ = {isa = PBXFileReference; lastKnownFileType = sourcecode.swift; path = InvoiceFolder.swift; sourceTree = "<group>"; };
		28D81C2F2733D49000209EAC /* CompanyDetailsStore.swift */ = {isa = PBXFileReference; lastKnownFileType = sourcecode.swift; path = CompanyDetailsStore.swift; sourceTree = "<group>"; };
		28D81C312733D94900209EAC /* InvoiceView.swift */ = {isa = PBXFileReference; lastKnownFileType = sourcecode.swift; path = InvoiceView.swift; sourceTree = "<group>"; };
		28D81C332733D95700209EAC /* InvoiceStore.swift */ = {isa = PBXFileReference; lastKnownFileType = sourcecode.swift; path = InvoiceStore.swift; sourceTree = "<group>"; };
		28D81C3D27358BD200209EAC /* InvoiceEditingView.swift */ = {isa = PBXFileReference; lastKnownFileType = sourcecode.swift; path = InvoiceEditingView.swift; sourceTree = "<group>"; };
		28D81C3F27358BE600209EAC /* InvoiceEditingStore.swift */ = {isa = PBXFileReference; lastKnownFileType = sourcecode.swift; path = InvoiceEditingStore.swift; sourceTree = "<group>"; };
		28D81C4727380A2900209EAC /* ReportView.swift */ = {isa = PBXFileReference; lastKnownFileType = sourcecode.swift; path = ReportView.swift; sourceTree = "<group>"; };
		28D81C4927380A4200209EAC /* ReportStore.swift */ = {isa = PBXFileReference; lastKnownFileType = sourcecode.swift; path = ReportStore.swift; sourceTree = "<group>"; };
		28D81C4C2738D2BA00209EAC /* ReportRowView.swift */ = {isa = PBXFileReference; lastKnownFileType = sourcecode.swift; path = ReportRowView.swift; sourceTree = "<group>"; };
		28D81C4E2738F32100209EAC /* template_invoice.html */ = {isa = PBXFileReference; fileEncoding = 4; lastKnownFileType = text.html; path = template_invoice.html; sourceTree = "<group>"; };
		28D81C4F2738F32100209EAC /* template_report.html */ = {isa = PBXFileReference; fileEncoding = 4; lastKnownFileType = text.html; path = template_report.html; sourceTree = "<group>"; };
		28D81C502738F32100209EAC /* template_report_project.html */ = {isa = PBXFileReference; fileEncoding = 4; lastKnownFileType = text.html; path = template_report_project.html; sourceTree = "<group>"; };
		28D81C512738F32100209EAC /* template_report_row.html */ = {isa = PBXFileReference; fileEncoding = 4; lastKnownFileType = text.html; path = template_report_row.html; sourceTree = "<group>"; };
		28D81C522738F32100209EAC /* template_invoice_row.html */ = {isa = PBXFileReference; fileEncoding = 4; lastKnownFileType = text.html; path = template_invoice_row.html; sourceTree = "<group>"; };
		28F91D4A26A1AC100057C5CC /* Invoices.app */ = {isa = PBXFileReference; explicitFileType = wrapper.application; includeInIndex = 0; path = Invoices.app; sourceTree = BUILT_PRODUCTS_DIR; };
		28F91D4D26A1AC110057C5CC /* InvoicesApp.swift */ = {isa = PBXFileReference; lastKnownFileType = sourcecode.swift; path = InvoicesApp.swift; sourceTree = "<group>"; };
		28F91D4F26A1AC110057C5CC /* ContentView.swift */ = {isa = PBXFileReference; lastKnownFileType = sourcecode.swift; path = ContentView.swift; sourceTree = "<group>"; };
		28F91D5126A1AC150057C5CC /* Assets.xcassets */ = {isa = PBXFileReference; lastKnownFileType = folder.assetcatalog; path = Assets.xcassets; sourceTree = "<group>"; };
		28F91D5426A1AC150057C5CC /* Preview Assets.xcassets */ = {isa = PBXFileReference; lastKnownFileType = folder.assetcatalog; path = "Preview Assets.xcassets"; sourceTree = "<group>"; };
		28F91D5626A1AC150057C5CC /* Info.plist */ = {isa = PBXFileReference; lastKnownFileType = text.plist.xml; path = Info.plist; sourceTree = "<group>"; };
		28F91D5D26A1B33B0057C5CC /* ContentStore.swift */ = {isa = PBXFileReference; lastKnownFileType = sourcecode.swift; path = ContentStore.swift; sourceTree = "<group>"; };
/* End PBXFileReference section */

/* Begin PBXFrameworksBuildPhase section */
		28C04368274E9EE00057C0D0 /* Frameworks */ = {
			isa = PBXFrameworksBuildPhase;
			buildActionMask = 2147483647;
			files = (
			);
			runOnlyForDeploymentPostprocessing = 0;
		};
		28F91D4726A1AC100057C5CC /* Frameworks */ = {
			isa = PBXFrameworksBuildPhase;
			buildActionMask = 2147483647;
			files = (
				28D81C432736434C00209EAC /* SwiftCSV in Frameworks */,
				28C0435D274BA69F0057C0D0 /* BarChart in Frameworks */,
			);
			runOnlyForDeploymentPostprocessing = 0;
		};
/* End PBXFrameworksBuildPhase section */

/* Begin PBXGroup section */
		2867F84027062EFC002CA8CC /* templates */ = {
			isa = PBXGroup;
			children = (
				28D81C522738F32100209EAC /* template_invoice_row.html */,
				28D81C4E2738F32100209EAC /* template_invoice.html */,
				28D81C502738F32100209EAC /* template_report_project.html */,
				28D81C512738F32100209EAC /* template_report_row.html */,
				28D81C4F2738F32100209EAC /* template_report.html */,
			);
			path = templates;
			sourceTree = "<group>";
		};
		28C0436C274E9EE00057C0D0 /* InvoicesTests */ = {
			isa = PBXGroup;
			children = (
				28C0436D274E9EE00057C0D0 /* InvoicesTests.swift */,
			);
			path = InvoicesTests;
			sourceTree = "<group>";
		};
		28C61817273BF4180044ABBB /* Entities */ = {
			isa = PBXGroup;
			children = (
				2814C1F126E8E3E50054FD5B /* InvoiceData.swift */,
				28C61818273BF43C0044ABBB /* InvoiceFolder.swift */,
				28C04361274E2D7B0057C0D0 /* Report.swift */,
			);
			path = Entities;
			sourceTree = "<group>";
		};
		28D81C2B2733B04B00209EAC /* Delivery */ = {
			isa = PBXGroup;
			children = (
				28D81C4B27380F5F00209EAC /* macOS */,
			);
			path = Delivery;
			sourceTree = "<group>";
		};
		28D81C2C2733B0A300209EAC /* Extensions */ = {
			isa = PBXGroup;
			children = (
				2814C1F526E9323A0054FD5B /* Date.swift */,
				2814C1F326E910930054FD5B /* Numbers.swift */,
			);
			path = Extensions;
			sourceTree = "<group>";
		};
		28D81C442737CAE100209EAC /* Invoice */ = {
			isa = PBXGroup;
			children = (
				28D81C312733D94900209EAC /* InvoiceView.swift */,
				28D81C332733D95700209EAC /* InvoiceStore.swift */,
				28D81C3D27358BD200209EAC /* InvoiceEditingView.swift */,
				28D81C3F27358BE600209EAC /* InvoiceEditingStore.swift */,
				2867F84B270B595C002CA8CC /* CompanyDetailsView.swift */,
				28D81C2F2733D49000209EAC /* CompanyDetailsStore.swift */,
			);
			path = Invoice;
			sourceTree = "<group>";
		};
		28D81C452737CAF100209EAC /* Report */ = {
			isa = PBXGroup;
			children = (
				28D81C4727380A2900209EAC /* ReportView.swift */,
				28D81C4927380A4200209EAC /* ReportStore.swift */,
				28D81C4C2738D2BA00209EAC /* ReportRowView.swift */,
				28C04363274E2F140057C0D0 /* ReportsInteractor.swift */,
				28C04365274E9D3E0057C0D0 /* ReportsInteractorTests.swift */,
			);
			path = Report;
			sourceTree = "<group>";
		};
		28D81C462737CB0800209EAC /* Components */ = {
			isa = PBXGroup;
			children = (
				2814C1ED26E88F510054FD5B /* HtmlView.swift */,
				2814C1E926E765690054FD5B /* PdfView.swift */,
			);
			path = Components;
			sourceTree = "<group>";
		};
		28D81C4B27380F5F00209EAC /* macOS */ = {
			isa = PBXGroup;
			children = (
				2867F84727063C9C002CA8CC /* History.swift */,
				2867F84927065729002CA8CC /* SandboxManager.swift */,
				28F91D4F26A1AC110057C5CC /* ContentView.swift */,
				28F91D5D26A1B33B0057C5CC /* ContentStore.swift */,
				28D81C442737CAE100209EAC /* Invoice */,
				28D81C452737CAF100209EAC /* Report */,
				28D81C462737CB0800209EAC /* Components */,
			);
			path = macOS;
			sourceTree = "<group>";
		};
		28F91D4126A1AC100057C5CC = {
			isa = PBXGroup;
			children = (
				28F91D4C26A1AC110057C5CC /* Invoices */,
				28C0436C274E9EE00057C0D0 /* InvoicesTests */,
				28F91D4B26A1AC100057C5CC /* Products */,
			);
			sourceTree = "<group>";
		};
		28F91D4B26A1AC100057C5CC /* Products */ = {
			isa = PBXGroup;
			children = (
				28F91D4A26A1AC100057C5CC /* Invoices.app */,
				28C0436B274E9EE00057C0D0 /* InvoicesTests.xctest */,
			);
			name = Products;
			sourceTree = "<group>";
		};
		28F91D4C26A1AC110057C5CC /* Invoices */ = {
			isa = PBXGroup;
			children = (
				28F91D4D26A1AC110057C5CC /* InvoicesApp.swift */,
				28C61817273BF4180044ABBB /* Entities */,
				28D81C2C2733B0A300209EAC /* Extensions */,
				28D81C2B2733B04B00209EAC /* Delivery */,
				2867F84027062EFC002CA8CC /* templates */,
				28F91D5126A1AC150057C5CC /* Assets.xcassets */,
				28F91D5626A1AC150057C5CC /* Info.plist */,
				28F91D5326A1AC150057C5CC /* Preview Content */,
			);
			path = Invoices;
			sourceTree = "<group>";
		};
		28F91D5326A1AC150057C5CC /* Preview Content */ = {
			isa = PBXGroup;
			children = (
				28F91D5426A1AC150057C5CC /* Preview Assets.xcassets */,
			);
			path = "Preview Content";
			sourceTree = "<group>";
		};
/* End PBXGroup section */

/* Begin PBXNativeTarget section */
		28C0436A274E9EE00057C0D0 /* InvoicesTests */ = {
			isa = PBXNativeTarget;
			buildConfigurationList = 28C04371274E9EE00057C0D0 /* Build configuration list for PBXNativeTarget "InvoicesTests" */;
			buildPhases = (
				28C04367274E9EE00057C0D0 /* Sources */,
				28C04368274E9EE00057C0D0 /* Frameworks */,
				28C04369274E9EE00057C0D0 /* Resources */,
			);
			buildRules = (
			);
			dependencies = (
				28C04370274E9EE00057C0D0 /* PBXTargetDependency */,
			);
			name = InvoicesTests;
			productName = InvoicesTests;
			productReference = 28C0436B274E9EE00057C0D0 /* InvoicesTests.xctest */;
			productType = "com.apple.product-type.bundle.unit-test";
		};
		28F91D4926A1AC100057C5CC /* Invoices */ = {
			isa = PBXNativeTarget;
			buildConfigurationList = 28F91D5A26A1AC150057C5CC /* Build configuration list for PBXNativeTarget "Invoices" */;
			buildPhases = (
				28F91D4626A1AC100057C5CC /* Sources */,
				28F91D4726A1AC100057C5CC /* Frameworks */,
				28F91D4826A1AC100057C5CC /* Resources */,
			);
			buildRules = (
			);
			dependencies = (
			);
			name = Invoices;
			packageProductDependencies = (
				28D81C422736434C00209EAC /* SwiftCSV */,
				28C0435C274BA69F0057C0D0 /* BarChart */,
			);
			productName = Invoices;
			productReference = 28F91D4A26A1AC100057C5CC /* Invoices.app */;
			productType = "com.apple.product-type.application";
		};
/* End PBXNativeTarget section */

/* Begin PBXProject section */
		28F91D4226A1AC100057C5CC /* Project object */ = {
			isa = PBXProject;
			attributes = {
				LastSwiftUpdateCheck = 1310;
				LastUpgradeCheck = 1300;
				TargetAttributes = {
					28C0436A274E9EE00057C0D0 = {
						CreatedOnToolsVersion = 13.1;
						TestTargetID = 28F91D4926A1AC100057C5CC;
					};
					28F91D4926A1AC100057C5CC = {
						CreatedOnToolsVersion = 12.5;
					};
				};
			};
			buildConfigurationList = 28F91D4526A1AC100057C5CC /* Build configuration list for PBXProject "Invoices" */;
			compatibilityVersion = "Xcode 9.3";
			developmentRegion = en;
			hasScannedForEncodings = 0;
			knownRegions = (
				en,
				Base,
			);
			mainGroup = 28F91D4126A1AC100057C5CC;
			packageReferences = (
				28D81C412736434C00209EAC /* XCRemoteSwiftPackageReference "SwiftCSV" */,
				28C0435B274BA69F0057C0D0 /* XCRemoteSwiftPackageReference "BarChart" */,
			);
			productRefGroup = 28F91D4B26A1AC100057C5CC /* Products */;
			projectDirPath = "";
			projectRoot = "";
			targets = (
				28F91D4926A1AC100057C5CC /* Invoices */,
				28C0436A274E9EE00057C0D0 /* InvoicesTests */,
			);
		};
/* End PBXProject section */

/* Begin PBXResourcesBuildPhase section */
		28C04369274E9EE00057C0D0 /* Resources */ = {
			isa = PBXResourcesBuildPhase;
			buildActionMask = 2147483647;
			files = (
			);
			runOnlyForDeploymentPostprocessing = 0;
		};
		28F91D4826A1AC100057C5CC /* Resources */ = {
			isa = PBXResourcesBuildPhase;
			buildActionMask = 2147483647;
			files = (
				28D81C572738F32100209EAC /* template_invoice_row.html in Resources */,
				28D81C532738F32100209EAC /* template_invoice.html in Resources */,
				28F91D5526A1AC150057C5CC /* Preview Assets.xcassets in Resources */,
				28D81C552738F32100209EAC /* template_report_project.html in Resources */,
				28D81C542738F32100209EAC /* template_report.html in Resources */,
				28F91D5226A1AC150057C5CC /* Assets.xcassets in Resources */,
				28D81C562738F32100209EAC /* template_report_row.html in Resources */,
			);
			runOnlyForDeploymentPostprocessing = 0;
		};
/* End PBXResourcesBuildPhase section */

/* Begin PBXSourcesBuildPhase section */
		28C04367274E9EE00057C0D0 /* Sources */ = {
			isa = PBXSourcesBuildPhase;
			buildActionMask = 2147483647;
			files = (
				28C04374274E9F1C0057C0D0 /* ReportsInteractorTests.swift in Sources */,
				28C0436E274E9EE00057C0D0 /* InvoicesTests.swift in Sources */,
			);
			runOnlyForDeploymentPostprocessing = 0;
		};
		28F91D4626A1AC100057C5CC /* Sources */ = {
			isa = PBXSourcesBuildPhase;
			buildActionMask = 2147483647;
			files = (
				28F91D5E26A1B33B0057C5CC /* ContentStore.swift in Sources */,
				28D81C322733D94900209EAC /* InvoiceView.swift in Sources */,
				28C04362274E2D7B0057C0D0 /* Report.swift in Sources */,
				2814C1EA26E765690054FD5B /* PdfView.swift in Sources */,
				28C61819273BF43C0044ABBB /* InvoiceFolder.swift in Sources */,
				28D81C4D2738D2BA00209EAC /* ReportRowView.swift in Sources */,
				2867F84C270B595C002CA8CC /* CompanyDetailsView.swift in Sources */,
				28D81C4027358BE600209EAC /* InvoiceEditingStore.swift in Sources */,
				2814C1F226E8E3E50054FD5B /* InvoiceData.swift in Sources */,
				2867F84827063C9C002CA8CC /* History.swift in Sources */,
				28D81C4827380A2900209EAC /* ReportView.swift in Sources */,
				2814C1EE26E88F510054FD5B /* HtmlView.swift in Sources */,
				28C04364274E2F140057C0D0 /* ReportsInteractor.swift in Sources */,
				28F91D5026A1AC110057C5CC /* ContentView.swift in Sources */,
				2814C1F426E910930054FD5B /* Numbers.swift in Sources */,
				2814C1F626E9323A0054FD5B /* Date.swift in Sources */,
				28F91D4E26A1AC110057C5CC /* InvoicesApp.swift in Sources */,
				28D81C3E27358BD300209EAC /* InvoiceEditingView.swift in Sources */,
				28D81C342733D95700209EAC /* InvoiceStore.swift in Sources */,
				28D81C302733D49000209EAC /* CompanyDetailsStore.swift in Sources */,
				2867F84A27065729002CA8CC /* SandboxManager.swift in Sources */,
				28D81C4A27380A4200209EAC /* ReportStore.swift in Sources */,
			);
			runOnlyForDeploymentPostprocessing = 0;
		};
/* End PBXSourcesBuildPhase section */

/* Begin PBXTargetDependency section */
		28C04370274E9EE00057C0D0 /* PBXTargetDependency */ = {
			isa = PBXTargetDependency;
			target = 28F91D4926A1AC100057C5CC /* Invoices */;
			targetProxy = 28C0436F274E9EE00057C0D0 /* PBXContainerItemProxy */;
		};
/* End PBXTargetDependency section */

/* Begin XCBuildConfiguration section */
		28C04372274E9EE00057C0D0 /* Debug */ = {
			isa = XCBuildConfiguration;
			buildSettings = {
				BUNDLE_LOADER = "$(TEST_HOST)";
				CLANG_CXX_LANGUAGE_STANDARD = "gnu++17";
				CODE_SIGN_STYLE = Automatic;
				COMBINE_HIDPI_IMAGES = YES;
				CURRENT_PROJECT_VERSION = 1;
				DEVELOPMENT_TEAM = U8W527Y939;
				GENERATE_INFOPLIST_FILE = YES;
				LD_RUNPATH_SEARCH_PATHS = (
					"$(inherited)",
					"@executable_path/../Frameworks",
					"@loader_path/../Frameworks",
				);
				MACOSX_DEPLOYMENT_TARGET = 11.6;
				MARKETING_VERSION = 1.0;
				PRODUCT_BUNDLE_IDENTIFIER = ro.imagin.InvoicesTests;
				PRODUCT_NAME = "$(TARGET_NAME)";
				SWIFT_EMIT_LOC_STRINGS = NO;
				SWIFT_VERSION = 5.0;
				TEST_HOST = "$(BUILT_PRODUCTS_DIR)/Invoices.app/Contents/MacOS/Invoices";
			};
			name = Debug;
		};
		28C04373274E9EE00057C0D0 /* Release */ = {
			isa = XCBuildConfiguration;
			buildSettings = {
				BUNDLE_LOADER = "$(TEST_HOST)";
				CLANG_CXX_LANGUAGE_STANDARD = "gnu++17";
				CODE_SIGN_STYLE = Automatic;
				COMBINE_HIDPI_IMAGES = YES;
				CURRENT_PROJECT_VERSION = 1;
				DEVELOPMENT_TEAM = U8W527Y939;
				GENERATE_INFOPLIST_FILE = YES;
				LD_RUNPATH_SEARCH_PATHS = (
					"$(inherited)",
					"@executable_path/../Frameworks",
					"@loader_path/../Frameworks",
				);
				MACOSX_DEPLOYMENT_TARGET = 11.6;
				MARKETING_VERSION = 1.0;
				PRODUCT_BUNDLE_IDENTIFIER = ro.imagin.InvoicesTests;
				PRODUCT_NAME = "$(TARGET_NAME)";
				SWIFT_EMIT_LOC_STRINGS = NO;
				SWIFT_VERSION = 5.0;
				TEST_HOST = "$(BUILT_PRODUCTS_DIR)/Invoices.app/Contents/MacOS/Invoices";
			};
			name = Release;
		};
		28F91D5826A1AC150057C5CC /* Debug */ = {
			isa = XCBuildConfiguration;
			buildSettings = {
				ALWAYS_SEARCH_USER_PATHS = NO;
				CLANG_ANALYZER_NONNULL = YES;
				CLANG_ANALYZER_NUMBER_OBJECT_CONVERSION = YES_AGGRESSIVE;
				CLANG_CXX_LANGUAGE_STANDARD = "gnu++14";
				CLANG_CXX_LIBRARY = "libc++";
				CLANG_ENABLE_MODULES = YES;
				CLANG_ENABLE_OBJC_ARC = YES;
				CLANG_ENABLE_OBJC_WEAK = YES;
				CLANG_WARN_BLOCK_CAPTURE_AUTORELEASING = YES;
				CLANG_WARN_BOOL_CONVERSION = YES;
				CLANG_WARN_COMMA = YES;
				CLANG_WARN_CONSTANT_CONVERSION = YES;
				CLANG_WARN_DEPRECATED_OBJC_IMPLEMENTATIONS = YES;
				CLANG_WARN_DIRECT_OBJC_ISA_USAGE = YES_ERROR;
				CLANG_WARN_DOCUMENTATION_COMMENTS = YES;
				CLANG_WARN_EMPTY_BODY = YES;
				CLANG_WARN_ENUM_CONVERSION = YES;
				CLANG_WARN_INFINITE_RECURSION = YES;
				CLANG_WARN_INT_CONVERSION = YES;
				CLANG_WARN_NON_LITERAL_NULL_CONVERSION = YES;
				CLANG_WARN_OBJC_IMPLICIT_RETAIN_SELF = YES;
				CLANG_WARN_OBJC_LITERAL_CONVERSION = YES;
				CLANG_WARN_OBJC_ROOT_CLASS = YES_ERROR;
				CLANG_WARN_QUOTED_INCLUDE_IN_FRAMEWORK_HEADER = YES;
				CLANG_WARN_RANGE_LOOP_ANALYSIS = YES;
				CLANG_WARN_STRICT_PROTOTYPES = YES;
				CLANG_WARN_SUSPICIOUS_MOVE = YES;
				CLANG_WARN_UNGUARDED_AVAILABILITY = YES_AGGRESSIVE;
				CLANG_WARN_UNREACHABLE_CODE = YES;
				CLANG_WARN__DUPLICATE_METHOD_MATCH = YES;
				COPY_PHASE_STRIP = NO;
				DEBUG_INFORMATION_FORMAT = dwarf;
				ENABLE_STRICT_OBJC_MSGSEND = YES;
				ENABLE_TESTABILITY = YES;
				GCC_C_LANGUAGE_STANDARD = gnu11;
				GCC_DYNAMIC_NO_PIC = NO;
				GCC_NO_COMMON_BLOCKS = YES;
				GCC_OPTIMIZATION_LEVEL = 0;
				GCC_PREPROCESSOR_DEFINITIONS = (
					"DEBUG=1",
					"$(inherited)",
				);
				GCC_WARN_64_TO_32_BIT_CONVERSION = YES;
				GCC_WARN_ABOUT_RETURN_TYPE = YES_ERROR;
				GCC_WARN_UNDECLARED_SELECTOR = YES;
				GCC_WARN_UNINITIALIZED_AUTOS = YES_AGGRESSIVE;
				GCC_WARN_UNUSED_FUNCTION = YES;
				GCC_WARN_UNUSED_VARIABLE = YES;
				MACOSX_DEPLOYMENT_TARGET = 11.3;
				MTL_ENABLE_DEBUG_INFO = INCLUDE_SOURCE;
				MTL_FAST_MATH = YES;
				ONLY_ACTIVE_ARCH = YES;
				SDKROOT = macosx;
				SWIFT_ACTIVE_COMPILATION_CONDITIONS = DEBUG;
				SWIFT_OPTIMIZATION_LEVEL = "-Onone";
			};
			name = Debug;
		};
		28F91D5926A1AC150057C5CC /* Release */ = {
			isa = XCBuildConfiguration;
			buildSettings = {
				ALWAYS_SEARCH_USER_PATHS = NO;
				CLANG_ANALYZER_NONNULL = YES;
				CLANG_ANALYZER_NUMBER_OBJECT_CONVERSION = YES_AGGRESSIVE;
				CLANG_CXX_LANGUAGE_STANDARD = "gnu++14";
				CLANG_CXX_LIBRARY = "libc++";
				CLANG_ENABLE_MODULES = YES;
				CLANG_ENABLE_OBJC_ARC = YES;
				CLANG_ENABLE_OBJC_WEAK = YES;
				CLANG_WARN_BLOCK_CAPTURE_AUTORELEASING = YES;
				CLANG_WARN_BOOL_CONVERSION = YES;
				CLANG_WARN_COMMA = YES;
				CLANG_WARN_CONSTANT_CONVERSION = YES;
				CLANG_WARN_DEPRECATED_OBJC_IMPLEMENTATIONS = YES;
				CLANG_WARN_DIRECT_OBJC_ISA_USAGE = YES_ERROR;
				CLANG_WARN_DOCUMENTATION_COMMENTS = YES;
				CLANG_WARN_EMPTY_BODY = YES;
				CLANG_WARN_ENUM_CONVERSION = YES;
				CLANG_WARN_INFINITE_RECURSION = YES;
				CLANG_WARN_INT_CONVERSION = YES;
				CLANG_WARN_NON_LITERAL_NULL_CONVERSION = YES;
				CLANG_WARN_OBJC_IMPLICIT_RETAIN_SELF = YES;
				CLANG_WARN_OBJC_LITERAL_CONVERSION = YES;
				CLANG_WARN_OBJC_ROOT_CLASS = YES_ERROR;
				CLANG_WARN_QUOTED_INCLUDE_IN_FRAMEWORK_HEADER = YES;
				CLANG_WARN_RANGE_LOOP_ANALYSIS = YES;
				CLANG_WARN_STRICT_PROTOTYPES = YES;
				CLANG_WARN_SUSPICIOUS_MOVE = YES;
				CLANG_WARN_UNGUARDED_AVAILABILITY = YES_AGGRESSIVE;
				CLANG_WARN_UNREACHABLE_CODE = YES;
				CLANG_WARN__DUPLICATE_METHOD_MATCH = YES;
				COPY_PHASE_STRIP = NO;
				DEBUG_INFORMATION_FORMAT = "dwarf-with-dsym";
				ENABLE_NS_ASSERTIONS = NO;
				ENABLE_STRICT_OBJC_MSGSEND = YES;
				GCC_C_LANGUAGE_STANDARD = gnu11;
				GCC_NO_COMMON_BLOCKS = YES;
				GCC_WARN_64_TO_32_BIT_CONVERSION = YES;
				GCC_WARN_ABOUT_RETURN_TYPE = YES_ERROR;
				GCC_WARN_UNDECLARED_SELECTOR = YES;
				GCC_WARN_UNINITIALIZED_AUTOS = YES_AGGRESSIVE;
				GCC_WARN_UNUSED_FUNCTION = YES;
				GCC_WARN_UNUSED_VARIABLE = YES;
				MACOSX_DEPLOYMENT_TARGET = 11.3;
				MTL_ENABLE_DEBUG_INFO = NO;
				MTL_FAST_MATH = YES;
				SDKROOT = macosx;
				SWIFT_COMPILATION_MODE = wholemodule;
				SWIFT_OPTIMIZATION_LEVEL = "-O";
			};
			name = Release;
		};
		28F91D5B26A1AC150057C5CC /* Debug */ = {
			isa = XCBuildConfiguration;
			buildSettings = {
				ASSETCATALOG_COMPILER_APPICON_NAME = AppIcon;
				ASSETCATALOG_COMPILER_GLOBAL_ACCENT_COLOR_NAME = AccentColor;
				CODE_SIGN_ENTITLEMENTS = Invoices/Invoices.entitlements;
				CODE_SIGN_IDENTITY = "-";
				CODE_SIGN_STYLE = Automatic;
				COMBINE_HIDPI_IMAGES = YES;
				CURRENT_PROJECT_VERSION = 4;
				DEVELOPMENT_ASSET_PATHS = "\"Invoices/Preview Content\"";
				DEVELOPMENT_TEAM = U8W527Y939;
				ENABLE_APP_SANDBOX = YES;
				ENABLE_HARDENED_RUNTIME = NO;
				ENABLE_PREVIEWS = YES;
				ENABLE_USER_SELECTED_FILES = readwrite;
				INFOPLIST_FILE = Invoices/Info.plist;
				LD_RUNPATH_SEARCH_PATHS = (
					"$(inherited)",
					"@executable_path/../Frameworks",
				);
				MACOSX_DEPLOYMENT_TARGET = 11.0;
				PRODUCT_BUNDLE_IDENTIFIER = ro.imagin.Invoices;
				PRODUCT_NAME = "$(TARGET_NAME)";
				SWIFT_VERSION = 5.0;
				VERSIONING_SYSTEM = "apple-generic";
			};
			name = Debug;
		};
		28F91D5C26A1AC150057C5CC /* Release */ = {
			isa = XCBuildConfiguration;
			buildSettings = {
				ASSETCATALOG_COMPILER_APPICON_NAME = AppIcon;
				ASSETCATALOG_COMPILER_GLOBAL_ACCENT_COLOR_NAME = AccentColor;
				CODE_SIGN_ENTITLEMENTS = Invoices/Invoices.entitlements;
				CODE_SIGN_IDENTITY = "-";
				CODE_SIGN_STYLE = Automatic;
				COMBINE_HIDPI_IMAGES = YES;
				CURRENT_PROJECT_VERSION = 4;
				DEVELOPMENT_ASSET_PATHS = "\"Invoices/Preview Content\"";
				DEVELOPMENT_TEAM = U8W527Y939;
				ENABLE_APP_SANDBOX = YES;
				ENABLE_HARDENED_RUNTIME = NO;
				ENABLE_PREVIEWS = YES;
				ENABLE_USER_SELECTED_FILES = readwrite;
				INFOPLIST_FILE = Invoices/Info.plist;
				LD_RUNPATH_SEARCH_PATHS = (
					"$(inherited)",
					"@executable_path/../Frameworks",
				);
				MACOSX_DEPLOYMENT_TARGET = 11.0;
				PRODUCT_BUNDLE_IDENTIFIER = ro.imagin.Invoices;
				PRODUCT_NAME = "$(TARGET_NAME)";
				SWIFT_VERSION = 5.0;
				VERSIONING_SYSTEM = "apple-generic";
			};
			name = Release;
		};
/* End XCBuildConfiguration section */

/* Begin XCConfigurationList section */
		28C04371274E9EE00057C0D0 /* Build configuration list for PBXNativeTarget "InvoicesTests" */ = {
			isa = XCConfigurationList;
			buildConfigurations = (
				28C04372274E9EE00057C0D0 /* Debug */,
				28C04373274E9EE00057C0D0 /* Release */,
			);
			defaultConfigurationIsVisible = 0;
			defaultConfigurationName = Release;
		};
		28F91D4526A1AC100057C5CC /* Build configuration list for PBXProject "Invoices" */ = {
			isa = XCConfigurationList;
			buildConfigurations = (
				28F91D5826A1AC150057C5CC /* Debug */,
				28F91D5926A1AC150057C5CC /* Release */,
			);
			defaultConfigurationIsVisible = 0;
			defaultConfigurationName = Release;
		};
		28F91D5A26A1AC150057C5CC /* Build configuration list for PBXNativeTarget "Invoices" */ = {
			isa = XCConfigurationList;
			buildConfigurations = (
				28F91D5B26A1AC150057C5CC /* Debug */,
				28F91D5C26A1AC150057C5CC /* Release */,
			);
			defaultConfigurationIsVisible = 0;
			defaultConfigurationName = Release;
		};
/* End XCConfigurationList section */

/* Begin XCRemoteSwiftPackageReference section */
		28C0435B274BA69F0057C0D0 /* XCRemoteSwiftPackageReference "BarChart" */ = {
			isa = XCRemoteSwiftPackageReference;
			repositoryURL = "https://github.com/dawigr/BarChart.git";
			requirement = {
				kind = upToNextMajorVersion;
				minimumVersion = 1.0.0;
			};
		};
		28D81C412736434C00209EAC /* XCRemoteSwiftPackageReference "SwiftCSV" */ = {
			isa = XCRemoteSwiftPackageReference;
			repositoryURL = "https://github.com/swiftcsv/SwiftCSV";
			requirement = {
				kind = upToNextMajorVersion;
				minimumVersion = 0.6.0;
			};
		};
/* End XCRemoteSwiftPackageReference section */

/* Begin XCSwiftPackageProductDependency section */
		28C0435C274BA69F0057C0D0 /* BarChart */ = {
			isa = XCSwiftPackageProductDependency;
			package = 28C0435B274BA69F0057C0D0 /* XCRemoteSwiftPackageReference "BarChart" */;
			productName = BarChart;
		};
		28D81C422736434C00209EAC /* SwiftCSV */ = {
			isa = XCSwiftPackageProductDependency;
			package = 28D81C412736434C00209EAC /* XCRemoteSwiftPackageReference "SwiftCSV" */;
			productName = SwiftCSV;
		};
/* End XCSwiftPackageProductDependency section */
	};
	rootObject = 28F91D4226A1AC100057C5CC /* Project object */;
}
