// !$*UTF8*$!
{
	archiveVersion = 1;
	classes = {
	};
	objectVersion = 54;
	objects = {

/* Begin PBXBuildFile section */
		2814C1EE26E88F510054FD5B /* HtmlViewer.swift in Sources */ = {isa = PBXBuildFile; fileRef = 2814C1ED26E88F510054FD5B /* HtmlViewer.swift */; };
		2814C1F226E8E3E50054FD5B /* InvoiceData.swift in Sources */ = {isa = PBXBuildFile; fileRef = 2814C1F126E8E3E50054FD5B /* InvoiceData.swift */; };
		2814C1F426E910930054FD5B /* Numbers.swift in Sources */ = {isa = PBXBuildFile; fileRef = 2814C1F326E910930054FD5B /* Numbers.swift */; };
		2814C1F626E9323A0054FD5B /* Date.swift in Sources */ = {isa = PBXBuildFile; fileRef = 2814C1F526E9323A0054FD5B /* Date.swift */; };
		2867F84A27065729002CA8CC /* SandboxRepository.swift in Sources */ = {isa = PBXBuildFile; fileRef = 2867F84927065729002CA8CC /* SandboxRepository.swift */; };
		2867F84C270B595C002CA8CC /* CompanyView.swift in Sources */ = {isa = PBXBuildFile; fileRef = 2867F84B270B595C002CA8CC /* CompanyView.swift */; };
		28737A5E277BB9D3004D56C1 /* SidebarColumn.swift in Sources */ = {isa = PBXBuildFile; fileRef = 28737A5D277BB9D3004D56C1 /* SidebarColumn.swift */; };
		28737A68277C83AC004D56C1 /* Company.swift in Sources */ = {isa = PBXBuildFile; fileRef = 28737A67277C83AC004D56C1 /* Company.swift */; };
		28737A6B278310CD004D56C1 /* CompanyData.swift in Sources */ = {isa = PBXBuildFile; fileRef = 28737A6A278310CD004D56C1 /* CompanyData.swift */; };
		28737A6D2783110B004D56C1 /* PropertyLoopable.swift in Sources */ = {isa = PBXBuildFile; fileRef = 28737A6C2783110B004D56C1 /* PropertyLoopable.swift */; };
		28737A6F27831131004D56C1 /* InvoiceReport.swift in Sources */ = {isa = PBXBuildFile; fileRef = 28737A6E27831131004D56C1 /* InvoiceReport.swift */; };
		28737A7127831170004D56C1 /* InvoiceProduct.swift in Sources */ = {isa = PBXBuildFile; fileRef = 28737A7027831170004D56C1 /* InvoiceProduct.swift */; };
		28737A772783E1BD004D56C1 /* DeleteConfirmationColumn.swift in Sources */ = {isa = PBXBuildFile; fileRef = 28737A762783E1BD004D56C1 /* DeleteConfirmationColumn.swift */; };
		28737A7B27848FBD004D56C1 /* NewProjectSheet.swift in Sources */ = {isa = PBXBuildFile; fileRef = 28737A59277BB842004D56C1 /* NewProjectSheet.swift */; };
		28737A7C27848FCD004D56C1 /* InvoiceProduct.swift in Sources */ = {isa = PBXBuildFile; fileRef = 28737A7027831170004D56C1 /* InvoiceProduct.swift */; };
		28737A7D27848FD3004D56C1 /* Company.swift in Sources */ = {isa = PBXBuildFile; fileRef = 28737A67277C83AC004D56C1 /* Company.swift */; };
		28737A7E27848FD3004D56C1 /* InvoiceReport.swift in Sources */ = {isa = PBXBuildFile; fileRef = 28737A6E27831131004D56C1 /* InvoiceReport.swift */; };
		28737A7F27848FD3004D56C1 /* CompanyData.swift in Sources */ = {isa = PBXBuildFile; fileRef = 28737A6A278310CD004D56C1 /* CompanyData.swift */; };
		28737A812784906B004D56C1 /* NewCompanySheet.swift in Sources */ = {isa = PBXBuildFile; fileRef = 28737A61277C2E66004D56C1 /* NewCompanySheet.swift */; };
		28737A8227849072004D56C1 /* CompanyView.swift in Sources */ = {isa = PBXBuildFile; fileRef = 2867F84B270B595C002CA8CC /* CompanyView.swift */; };
		28737A86278490EA004D56C1 /* PropertyLoopable.swift in Sources */ = {isa = PBXBuildFile; fileRef = 28737A6C2783110B004D56C1 /* PropertyLoopable.swift */; };
		28737A8727849BDA004D56C1 /* InvoicesApp.swift in Sources */ = {isa = PBXBuildFile; fileRef = 28F91D4D26A1AC110057C5CC /* InvoicesApp.swift */; };
		28737A8927849F0B004D56C1 /* MainWindow.swift in Sources */ = {isa = PBXBuildFile; fileRef = 28737A8827849F0B004D56C1 /* MainWindow.swift */; };
		28737A8B27862F64004D56C1 /* MainWindow.swift in Sources */ = {isa = PBXBuildFile; fileRef = 28737A8A27862F63004D56C1 /* MainWindow.swift */; };
		28737A992787A42F004D56C1 /* CompaniesListScreen.swift in Sources */ = {isa = PBXBuildFile; fileRef = 28737A972787A42F004D56C1 /* CompaniesListScreen.swift */; };
		28A73D0B2763B93900F727C3 /* Assets.xcassets in Resources */ = {isa = PBXBuildFile; fileRef = 28A73D0A2763B93900F727C3 /* Assets.xcassets */; };
		28A73D0E2763B93900F727C3 /* Preview Assets.xcassets in Resources */ = {isa = PBXBuildFile; fileRef = 28A73D0D2763B93900F727C3 /* Preview Assets.xcassets */; };
		28A73D152763BF5500F727C3 /* Project.swift in Sources */ = {isa = PBXBuildFile; fileRef = 28C04386275656DA0057C0D0 /* Project.swift */; };
		28A73D162763BF5800F727C3 /* InvoiceData.swift in Sources */ = {isa = PBXBuildFile; fileRef = 2814C1F126E8E3E50054FD5B /* InvoiceData.swift */; };
		28A73D172763BF5B00F727C3 /* Invoice.swift in Sources */ = {isa = PBXBuildFile; fileRef = 28C61818273BF43C0044ABBB /* Invoice.swift */; };
		28A73D182763BF6100F727C3 /* Report.swift in Sources */ = {isa = PBXBuildFile; fileRef = 28C04361274E2D7B0057C0D0 /* Report.swift */; };
		28A73D192763BF6700F727C3 /* Date.swift in Sources */ = {isa = PBXBuildFile; fileRef = 2814C1F526E9323A0054FD5B /* Date.swift */; };
		28A73D1A2763BF6A00F727C3 /* Numbers.swift in Sources */ = {isa = PBXBuildFile; fileRef = 2814C1F326E910930054FD5B /* Numbers.swift */; };
		28A73D1C2763BF7100F727C3 /* SandboxRepository.swift in Sources */ = {isa = PBXBuildFile; fileRef = 2867F84927065729002CA8CC /* SandboxRepository.swift */; };
		28A73D282763BF9C00F727C3 /* ReportEditor.swift in Sources */ = {isa = PBXBuildFile; fileRef = 28D81C4727380A2900209EAC /* ReportEditor.swift */; };
		28A73D2A2763BF9C00F727C3 /* ReportRowView.swift in Sources */ = {isa = PBXBuildFile; fileRef = 28D81C4C2738D2BA00209EAC /* ReportRowView.swift */; };
		28A73D2B2763BFA600F727C3 /* HtmlViewer.swift in Sources */ = {isa = PBXBuildFile; fileRef = 2814C1ED26E88F510054FD5B /* HtmlViewer.swift */; };
		28A73D2D2763BFB100F727C3 /* template_invoice_row.html in Resources */ = {isa = PBXBuildFile; fileRef = 28D81C522738F32100209EAC /* template_invoice_row.html */; };
		28A73D2E2763BFB100F727C3 /* template_invoice.html in Resources */ = {isa = PBXBuildFile; fileRef = 28D81C4E2738F32100209EAC /* template_invoice.html */; };
		28A73D2F2763BFB100F727C3 /* template_report_project.html in Resources */ = {isa = PBXBuildFile; fileRef = 28D81C502738F32100209EAC /* template_report_project.html */; };
		28A73D302763BFB100F727C3 /* template_report_row.html in Resources */ = {isa = PBXBuildFile; fileRef = 28D81C512738F32100209EAC /* template_report_row.html */; };
		28A73D312763BFB100F727C3 /* template_report.html in Resources */ = {isa = PBXBuildFile; fileRef = 28D81C4F2738F32100209EAC /* template_report.html */; };
		28A73D352763C28A00F727C3 /* BarChart in Frameworks */ = {isa = PBXBuildFile; productRef = 28A73D342763C28A00F727C3 /* BarChart */; };
		28A73D372763C29500F727C3 /* SwiftCSV in Frameworks */ = {isa = PBXBuildFile; productRef = 28A73D362763C29500F727C3 /* SwiftCSV */; };
		28C0435D274BA69F0057C0D0 /* BarChart in Frameworks */ = {isa = PBXBuildFile; productRef = 28C0435C274BA69F0057C0D0 /* BarChart */; };
		28C04362274E2D7B0057C0D0 /* Report.swift in Sources */ = {isa = PBXBuildFile; fileRef = 28C04361274E2D7B0057C0D0 /* Report.swift */; };
		28C04387275656DA0057C0D0 /* Project.swift in Sources */ = {isa = PBXBuildFile; fileRef = 28C04386275656DA0057C0D0 /* Project.swift */; };
		28C0438D275888680057C0D0 /* Toolbar+ViewModifier.swift in Sources */ = {isa = PBXBuildFile; fileRef = 28C0438C275888680057C0D0 /* Toolbar+ViewModifier.swift */; };
		28C61819273BF43C0044ABBB /* Invoice.swift in Sources */ = {isa = PBXBuildFile; fileRef = 28C61818273BF43C0044ABBB /* Invoice.swift */; };
		28CE1DDD276392A000491447 /* CloudKit.framework in Frameworks */ = {isa = PBXBuildFile; fileRef = 28CE1DDC2763929F00491447 /* CloudKit.framework */; };
		28D81C3E27358BD300209EAC /* InvoiceEditor.swift in Sources */ = {isa = PBXBuildFile; fileRef = 28D81C3D27358BD200209EAC /* InvoiceEditor.swift */; };
		28D81C432736434C00209EAC /* SwiftCSV in Frameworks */ = {isa = PBXBuildFile; productRef = 28D81C422736434C00209EAC /* SwiftCSV */; };
		28D81C4827380A2900209EAC /* ReportEditor.swift in Sources */ = {isa = PBXBuildFile; fileRef = 28D81C4727380A2900209EAC /* ReportEditor.swift */; };
		28D81C4D2738D2BA00209EAC /* ReportRowView.swift in Sources */ = {isa = PBXBuildFile; fileRef = 28D81C4C2738D2BA00209EAC /* ReportRowView.swift */; };
		28D81C532738F32100209EAC /* template_invoice.html in Resources */ = {isa = PBXBuildFile; fileRef = 28D81C4E2738F32100209EAC /* template_invoice.html */; };
		28D81C542738F32100209EAC /* template_report.html in Resources */ = {isa = PBXBuildFile; fileRef = 28D81C4F2738F32100209EAC /* template_report.html */; };
		28D81C552738F32100209EAC /* template_report_project.html in Resources */ = {isa = PBXBuildFile; fileRef = 28D81C502738F32100209EAC /* template_report_project.html */; };
		28D81C562738F32100209EAC /* template_report_row.html in Resources */ = {isa = PBXBuildFile; fileRef = 28D81C512738F32100209EAC /* template_report_row.html */; };
		28D81C572738F32100209EAC /* template_invoice_row.html in Resources */ = {isa = PBXBuildFile; fileRef = 28D81C522738F32100209EAC /* template_invoice_row.html */; };
		28F91D4E26A1AC110057C5CC /* InvoicesApp.swift in Sources */ = {isa = PBXBuildFile; fileRef = 28F91D4D26A1AC110057C5CC /* InvoicesApp.swift */; };
		28F91D5026A1AC110057C5CC /* ContentColumn.swift in Sources */ = {isa = PBXBuildFile; fileRef = 28F91D4F26A1AC110057C5CC /* ContentColumn.swift */; };
		28F91D5226A1AC150057C5CC /* Assets.xcassets in Resources */ = {isa = PBXBuildFile; fileRef = 28F91D5126A1AC150057C5CC /* Assets.xcassets */; };
		28F91D5526A1AC150057C5CC /* Preview Assets.xcassets in Resources */ = {isa = PBXBuildFile; fileRef = 28F91D5426A1AC150057C5CC /* Preview Assets.xcassets */; };
		562965062B4EE2CC00C44605 /* ProjectsListScreen.swift in Sources */ = {isa = PBXBuildFile; fileRef = 562965042B4EE26A00C44605 /* ProjectsListScreen.swift */; };
		563A6D012821807100C3C30A /* ProjectsStore.swift in Sources */ = {isa = PBXBuildFile; fileRef = 563A6D002821807100C3C30A /* ProjectsStore.swift */; };
		563A6D022821807100C3C30A /* ProjectsStore.swift in Sources */ = {isa = PBXBuildFile; fileRef = 563A6D002821807100C3C30A /* ProjectsStore.swift */; };
		564788AD287E959F0034AA4C /* RCPreferences in Frameworks */ = {isa = PBXBuildFile; productRef = 564788AC287E959F0034AA4C /* RCPreferences */; };
		564788AF287E95B10034AA4C /* CloudKit.framework in Frameworks */ = {isa = PBXBuildFile; fileRef = 564788AE287E95B10034AA4C /* CloudKit.framework */; };
		566EE0762B7C287C000353DC /* String.swift in Sources */ = {isa = PBXBuildFile; fileRef = 566EE0752B7C287C000353DC /* String.swift */; };
		566EE0772B7C287C000353DC /* String.swift in Sources */ = {isa = PBXBuildFile; fileRef = 566EE0752B7C287C000353DC /* String.swift */; };
		566EE07A2B7C2B5D000353DC /* template_invoice_row.xml in Resources */ = {isa = PBXBuildFile; fileRef = 566EE0782B7C2B5D000353DC /* template_invoice_row.xml */; };
		566EE07B2B7C2B5D000353DC /* template_invoice_row.xml in Resources */ = {isa = PBXBuildFile; fileRef = 566EE0782B7C2B5D000353DC /* template_invoice_row.xml */; };
		566EE07C2B7C2B5D000353DC /* template_invoice.xml in Resources */ = {isa = PBXBuildFile; fileRef = 566EE0792B7C2B5D000353DC /* template_invoice.xml */; };
		566EE07D2B7C2B5D000353DC /* template_invoice.xml in Resources */ = {isa = PBXBuildFile; fileRef = 566EE0792B7C2B5D000353DC /* template_invoice.xml */; };
		567F86A328BA05C70091EC54 /* ReportProject.swift in Sources */ = {isa = PBXBuildFile; fileRef = 567F86A228BA05C70091EC54 /* ReportProject.swift */; };
		567F86A428BA05C70091EC54 /* ReportProject.swift in Sources */ = {isa = PBXBuildFile; fileRef = 567F86A228BA05C70091EC54 /* ReportProject.swift */; };
		568AB73E2B50A10600D1679F /* SettingsWindow.swift in Sources */ = {isa = PBXBuildFile; fileRef = 568AB73D2B50A10600D1679F /* SettingsWindow.swift */; };
		568AB7402B50A33600D1679F /* SettingsStore.swift in Sources */ = {isa = PBXBuildFile; fileRef = 568AB73F2B50A33600D1679F /* SettingsStore.swift */; };
		568AB7422B513CA800D1679F /* MainWindowState.swift in Sources */ = {isa = PBXBuildFile; fileRef = 568AB7412B513CA800D1679F /* MainWindowState.swift */; };
		569326BB2B6FBAF300579BA7 /* SettingsStore.swift in Sources */ = {isa = PBXBuildFile; fileRef = 568AB73F2B50A33600D1679F /* SettingsStore.swift */; };
		56B944F528822FBA00D312A4 /* NoCompaniesScreen.swift in Sources */ = {isa = PBXBuildFile; fileRef = 56B944F328822FBA00D312A4 /* NoCompaniesScreen.swift */; };
		56B944FD288366DB00D312A4 /* InvoiceEditor.swift in Sources */ = {isa = PBXBuildFile; fileRef = 28D81C3D27358BD200209EAC /* InvoiceEditor.swift */; };
		56B94500288485AC00D312A4 /* ReportsInteractor.swift in Sources */ = {isa = PBXBuildFile; fileRef = 56B944FF288485AC00D312A4 /* ReportsInteractor.swift */; };
		56B94501288485AC00D312A4 /* ReportsInteractor.swift in Sources */ = {isa = PBXBuildFile; fileRef = 56B944FF288485AC00D312A4 /* ReportsInteractor.swift */; };
		56B945052884B6ED00D312A4 /* ReportsInteractorTests.swift in Sources */ = {isa = PBXBuildFile; fileRef = 28C04365274E9D3E0057C0D0 /* ReportsInteractorTests.swift */; };
		56B9450828851F3C00D312A4 /* NewProjectView.swift in Sources */ = {isa = PBXBuildFile; fileRef = 56B9450728851F3C00D312A4 /* NewProjectView.swift */; };
		56B9450928851F3C00D312A4 /* NewProjectView.swift in Sources */ = {isa = PBXBuildFile; fileRef = 56B9450728851F3C00D312A4 /* NewProjectView.swift */; };
		56B9450E2885518C00D312A4 /* NoProjectsScreen.swift in Sources */ = {isa = PBXBuildFile; fileRef = 56B9450D2885518C00D312A4 /* NoProjectsScreen.swift */; };
		56B94516288585E900D312A4 /* NoInvoicesScreen.swift in Sources */ = {isa = PBXBuildFile; fileRef = 28737A5B277BB8B3004D56C1 /* NoInvoicesScreen.swift */; };
		56B945172886280C00D312A4 /* InvoicesListScreen.swift in Sources */ = {isa = PBXBuildFile; fileRef = 28737A9327878B33004D56C1 /* InvoicesListScreen.swift */; };
		56B945192886283900D312A4 /* InvoicesStore.swift in Sources */ = {isa = PBXBuildFile; fileRef = 56B945182886283900D312A4 /* InvoicesStore.swift */; };
		56B9451A2886283900D312A4 /* InvoicesStore.swift in Sources */ = {isa = PBXBuildFile; fileRef = 56B945182886283900D312A4 /* InvoicesStore.swift */; };
		56B9451C28868E0D00D312A4 /* InvoiceStore.swift in Sources */ = {isa = PBXBuildFile; fileRef = 56B9451B28868E0D00D312A4 /* InvoiceStore.swift */; };
		56B9451D28868E0D00D312A4 /* InvoiceStore.swift in Sources */ = {isa = PBXBuildFile; fileRef = 56B9451B28868E0D00D312A4 /* InvoiceStore.swift */; };
		56B9451F2886A1A900D312A4 /* NewInvoiceScreen.swift in Sources */ = {isa = PBXBuildFile; fileRef = 56B9451E2886A1A900D312A4 /* NewInvoiceScreen.swift */; };
		56B945232886A29100D312A4 /* NewInvoiceView.swift in Sources */ = {isa = PBXBuildFile; fileRef = 28737A5F277BBC6D004D56C1 /* NewInvoiceView.swift */; };
		56B945242886A29F00D312A4 /* NewInvoiceView.swift in Sources */ = {isa = PBXBuildFile; fileRef = 28737A5F277BBC6D004D56C1 /* NewInvoiceView.swift */; };
		56B945282886B3D300D312A4 /* InvoiceAndReportScreen.swift in Sources */ = {isa = PBXBuildFile; fileRef = 28737A9B278A1FF7004D56C1 /* InvoiceAndReportScreen.swift */; };
		56B9452A2886C34B00D312A4 /* CompaniesStore.swift in Sources */ = {isa = PBXBuildFile; fileRef = 56B945292886C34B00D312A4 /* CompaniesStore.swift */; };
		56B9452B2886C34B00D312A4 /* CompaniesStore.swift in Sources */ = {isa = PBXBuildFile; fileRef = 56B945292886C34B00D312A4 /* CompaniesStore.swift */; };
		56B9452D28874E1900D312A4 /* NoCompaniesView.swift in Sources */ = {isa = PBXBuildFile; fileRef = 56B944F72882F5B300D312A4 /* NoCompaniesView.swift */; };
		56B9452E28874E1A00D312A4 /* NoCompaniesView.swift in Sources */ = {isa = PBXBuildFile; fileRef = 56B944F72882F5B300D312A4 /* NoCompaniesView.swift */; };
		56B9453028876CFA00D312A4 /* LocalRepository.swift in Sources */ = {isa = PBXBuildFile; fileRef = 56B9452F28876CFA00D312A4 /* LocalRepository.swift */; };
		56B94532288771B000D312A4 /* CompanyScreen.swift in Sources */ = {isa = PBXBuildFile; fileRef = 56B94531288771B000D312A4 /* CompanyScreen.swift */; };
		56B945352887DFA700D312A4 /* NoInvoicesView.swift in Sources */ = {isa = PBXBuildFile; fileRef = 56B945342887DFA700D312A4 /* NoInvoicesView.swift */; };
		56B945362887DFA700D312A4 /* NoInvoicesView.swift in Sources */ = {isa = PBXBuildFile; fileRef = 56B945342887DFA700D312A4 /* NoInvoicesView.swift */; };
		56CB792D28A140D000E85EF7 /* DateTests.swift in Sources */ = {isa = PBXBuildFile; fileRef = 56CB792C28A140D000E85EF7 /* DateTests.swift */; };
		56D38548288958C300E8BEB5 /* InvoiceEditorSheet.swift in Sources */ = {isa = PBXBuildFile; fileRef = 56B944F9288359C300D312A4 /* InvoiceEditorSheet.swift */; };
		56D3854A288A6C0C00E8BEB5 /* MainViewIpad.swift in Sources */ = {isa = PBXBuildFile; fileRef = 56D38549288A6C0C00E8BEB5 /* MainViewIpad.swift */; };
		56D3854D288A947300E8BEB5 /* ReportEditorSheet.swift in Sources */ = {isa = PBXBuildFile; fileRef = 56D3854C288A947300E8BEB5 /* ReportEditorSheet.swift */; };
		56D3854F288B207B00E8BEB5 /* Exporter.swift in Sources */ = {isa = PBXBuildFile; fileRef = 56D3854E288B207B00E8BEB5 /* Exporter.swift */; };
		56D38551288B20A600E8BEB5 /* Exporter.swift in Sources */ = {isa = PBXBuildFile; fileRef = 56D38550288B20A600E8BEB5 /* Exporter.swift */; };
		56D38553288B392A00E8BEB5 /* Keyboard+ViewModifier.swift in Sources */ = {isa = PBXBuildFile; fileRef = 56D38552288B392A00E8BEB5 /* Keyboard+ViewModifier.swift */; };
		56D38554288B392A00E8BEB5 /* Keyboard+ViewModifier.swift in Sources */ = {isa = PBXBuildFile; fileRef = 56D38552288B392A00E8BEB5 /* Keyboard+ViewModifier.swift */; };
		56D38557288C22AB00E8BEB5 /* CompanyPopover.swift in Sources */ = {isa = PBXBuildFile; fileRef = 56D38556288C22AB00E8BEB5 /* CompanyPopover.swift */; };
		56D38558288C8B5400E8BEB5 /* ChartsView.swift in Sources */ = {isa = PBXBuildFile; fileRef = 28C0438227563CA60057C0D0 /* ChartsView.swift */; };
		56D38559288C8B5500E8BEB5 /* ChartsView.swift in Sources */ = {isa = PBXBuildFile; fileRef = 28C0438227563CA60057C0D0 /* ChartsView.swift */; };
		56D3855D288DF1EF00E8BEB5 /* InvoiceEditorPopover.swift in Sources */ = {isa = PBXBuildFile; fileRef = 56D3855C288DF1EF00E8BEB5 /* InvoiceEditorPopover.swift */; };
		56D385612891E3B000E8BEB5 /* InvoiceInteractor.swift in Sources */ = {isa = PBXBuildFile; fileRef = 56D385602891E3B000E8BEB5 /* InvoiceInteractor.swift */; };
		56D385622891E3B000E8BEB5 /* InvoiceInteractor.swift in Sources */ = {isa = PBXBuildFile; fileRef = 56D385602891E3B000E8BEB5 /* InvoiceInteractor.swift */; };
		56D385642891E3BB00E8BEB5 /* ReportInteractor.swift in Sources */ = {isa = PBXBuildFile; fileRef = 56D385632891E3BB00E8BEB5 /* ReportInteractor.swift */; };
		56D385652891E3BB00E8BEB5 /* ReportInteractor.swift in Sources */ = {isa = PBXBuildFile; fileRef = 56D385632891E3BB00E8BEB5 /* ReportInteractor.swift */; };
		56D385682892DE6600E8BEB5 /* ReportEditorPopover.swift in Sources */ = {isa = PBXBuildFile; fileRef = 56D385672892DE6600E8BEB5 /* ReportEditorPopover.swift */; };
		56D3856A289896C300E8BEB5 /* TextField+ViewModifier.swift in Sources */ = {isa = PBXBuildFile; fileRef = 56D38569289896C300E8BEB5 /* TextField+ViewModifier.swift */; };
		56D3856B289896C300E8BEB5 /* TextField+ViewModifier.swift in Sources */ = {isa = PBXBuildFile; fileRef = 56D38569289896C300E8BEB5 /* TextField+ViewModifier.swift */; };
		56D3856D2899025500E8BEB5 /* ExportPopover.swift in Sources */ = {isa = PBXBuildFile; fileRef = 56D3856C2899025500E8BEB5 /* ExportPopover.swift */; };
		56D3856F289C0BBB00E8BEB5 /* CompanyColumn.swift in Sources */ = {isa = PBXBuildFile; fileRef = 56D3856E289C0BBB00E8BEB5 /* CompanyColumn.swift */; };
		56D6799027FEB1C300133E1B /* RCPreferences in Frameworks */ = {isa = PBXBuildFile; productRef = 56D6798F27FEB1C300133E1B /* RCPreferences */; };
		56D6799328017C0A00133E1B /* MainStore.swift in Sources */ = {isa = PBXBuildFile; fileRef = 56D6799228017C0A00133E1B /* MainStore.swift */; };
		56D6799428017C0A00133E1B /* MainStore.swift in Sources */ = {isa = PBXBuildFile; fileRef = 56D6799228017C0A00133E1B /* MainStore.swift */; };
		56D6799728017F0D00133E1B /* Repository.swift in Sources */ = {isa = PBXBuildFile; fileRef = 56D6799628017F0D00133E1B /* Repository.swift */; };
		56D6799828017F0D00133E1B /* Repository.swift in Sources */ = {isa = PBXBuildFile; fileRef = 56D6799628017F0D00133E1B /* Repository.swift */; };
		56D6799B28020D0400133E1B /* ProjectsInteractor.swift in Sources */ = {isa = PBXBuildFile; fileRef = 56D6799A28020D0400133E1B /* ProjectsInteractor.swift */; };
		56D6799C28020D0400133E1B /* ProjectsInteractor.swift in Sources */ = {isa = PBXBuildFile; fileRef = 56D6799A28020D0400133E1B /* ProjectsInteractor.swift */; };
		56D6799E280212B600133E1B /* InvoicesInteractor.swift in Sources */ = {isa = PBXBuildFile; fileRef = 56D6799D280212B600133E1B /* InvoicesInteractor.swift */; };
		56D6799F280212B600133E1B /* InvoicesInteractor.swift in Sources */ = {isa = PBXBuildFile; fileRef = 56D6799D280212B600133E1B /* InvoicesInteractor.swift */; };
		56D679A1280212CC00133E1B /* CompaniesInteractor.swift in Sources */ = {isa = PBXBuildFile; fileRef = 56D679A0280212CC00133E1B /* CompaniesInteractor.swift */; };
		56D679A2280212CC00133E1B /* CompaniesInteractor.swift in Sources */ = {isa = PBXBuildFile; fileRef = 56D679A0280212CC00133E1B /* CompaniesInteractor.swift */; };
		56DAD62E2B59180000A30F9C /* ReportEditorViewModel.swift in Sources */ = {isa = PBXBuildFile; fileRef = 56DAD62D2B59180000A30F9C /* ReportEditorViewModel.swift */; };
		56DAD62F2B59180000A30F9C /* ReportEditorViewModel.swift in Sources */ = {isa = PBXBuildFile; fileRef = 56DAD62D2B59180000A30F9C /* ReportEditorViewModel.swift */; };
		56DAD6312B595A9000A30F9C /* ReportEditorColumn.swift in Sources */ = {isa = PBXBuildFile; fileRef = 56DAD6302B595A9000A30F9C /* ReportEditorColumn.swift */; };
		56DAD6332B598CF100A30F9C /* InvoiceEditorColumn.swift in Sources */ = {isa = PBXBuildFile; fileRef = 56DAD6322B598CF100A30F9C /* InvoiceEditorColumn.swift */; };
		56DAD6352B59CB7E00A30F9C /* InvoiceEditorViewModel.swift in Sources */ = {isa = PBXBuildFile; fileRef = 56DAD6342B59CB7E00A30F9C /* InvoiceEditorViewModel.swift */; };
		56DAD6362B59CB7E00A30F9C /* InvoiceEditorViewModel.swift in Sources */ = {isa = PBXBuildFile; fileRef = 56DAD6342B59CB7E00A30F9C /* InvoiceEditorViewModel.swift */; };
		56DAD6382B6308E200A30F9C /* CompanyViewModel.swift in Sources */ = {isa = PBXBuildFile; fileRef = 56DAD6372B6308E200A30F9C /* CompanyViewModel.swift */; };
		56DAD6392B6308E200A30F9C /* CompanyViewModel.swift in Sources */ = {isa = PBXBuildFile; fileRef = 56DAD6372B6308E200A30F9C /* CompanyViewModel.swift */; };
		56DAD63B2B654CAD00A30F9C /* ChartsViewModel.swift in Sources */ = {isa = PBXBuildFile; fileRef = 56DAD63A2B654CAD00A30F9C /* ChartsViewModel.swift */; };
		56DAD63C2B654CAD00A30F9C /* ChartsViewModel.swift in Sources */ = {isa = PBXBuildFile; fileRef = 56DAD63A2B654CAD00A30F9C /* ChartsViewModel.swift */; };
		56DAD63E2B66AB1900A30F9C /* PDFDocument+Transferable.swift in Sources */ = {isa = PBXBuildFile; fileRef = 56DAD63D2B66AB1900A30F9C /* PDFDocument+Transferable.swift */; };
		56DAD63F2B66AB1900A30F9C /* PDFDocument+Transferable.swift in Sources */ = {isa = PBXBuildFile; fileRef = 56DAD63D2B66AB1900A30F9C /* PDFDocument+Transferable.swift */; };
		56DAD6412B66E4A300A30F9C /* InvoicesConfig.swift in Sources */ = {isa = PBXBuildFile; fileRef = 56DAD6402B66E4A300A30F9C /* InvoicesConfig.swift */; };
		56DAD6422B66E4A300A30F9C /* InvoicesConfig.swift in Sources */ = {isa = PBXBuildFile; fileRef = 56DAD6402B66E4A300A30F9C /* InvoicesConfig.swift */; };
		56DAD6442B67AEAD00A30F9C /* EditorType.swift in Sources */ = {isa = PBXBuildFile; fileRef = 56DAD6432B67AEAD00A30F9C /* EditorType.swift */; };
		56DAD6452B67AEAD00A30F9C /* EditorType.swift in Sources */ = {isa = PBXBuildFile; fileRef = 56DAD6432B67AEAD00A30F9C /* EditorType.swift */; };
		56EB80CA2B5315280046D72C /* ProjectsMenu.swift in Sources */ = {isa = PBXBuildFile; fileRef = 56EB80C92B5315280046D72C /* ProjectsMenu.swift */; };
		56EB80CC2B5315F10046D72C /* InvoicesList.swift in Sources */ = {isa = PBXBuildFile; fileRef = 56EB80CB2B5315F10046D72C /* InvoicesList.swift */; };
		56EB80CE2B532C7E0046D72C /* CompaniesList.swift in Sources */ = {isa = PBXBuildFile; fileRef = 56EB80CD2B532C7E0046D72C /* CompaniesList.swift */; };
		56EB80D62B55FAF30046D72C /* InvoiceEditorProtocol.swift in Sources */ = {isa = PBXBuildFile; fileRef = 56EB80D52B55FAF30046D72C /* InvoiceEditorProtocol.swift */; };
		56EB80D72B55FAF30046D72C /* InvoiceEditorProtocol.swift in Sources */ = {isa = PBXBuildFile; fileRef = 56EB80D52B55FAF30046D72C /* InvoiceEditorProtocol.swift */; };
/* End PBXBuildFile section */

/* Begin PBXContainerItemProxy section */
		28C0436F274E9EE00057C0D0 /* PBXContainerItemProxy */ = {
			isa = PBXContainerItemProxy;
			containerPortal = 28F91D4226A1AC100057C5CC /* Project object */;
			proxyType = 1;
			remoteGlobalIDString = 28F91D4926A1AC100057C5CC;
			remoteInfo = Invoices;
		};
/* End PBXContainerItemProxy section */

/* Begin PBXFileReference section */
		2814C1ED26E88F510054FD5B /* HtmlViewer.swift */ = {isa = PBXFileReference; lastKnownFileType = sourcecode.swift; path = HtmlViewer.swift; sourceTree = "<group>"; };
		2814C1F126E8E3E50054FD5B /* InvoiceData.swift */ = {isa = PBXFileReference; lastKnownFileType = sourcecode.swift; path = InvoiceData.swift; sourceTree = "<group>"; };
		2814C1F326E910930054FD5B /* Numbers.swift */ = {isa = PBXFileReference; lastKnownFileType = sourcecode.swift; path = Numbers.swift; sourceTree = "<group>"; };
		2814C1F526E9323A0054FD5B /* Date.swift */ = {isa = PBXFileReference; lastKnownFileType = sourcecode.swift; path = Date.swift; sourceTree = "<group>"; };
		2867F84927065729002CA8CC /* SandboxRepository.swift */ = {isa = PBXFileReference; lastKnownFileType = sourcecode.swift; path = SandboxRepository.swift; sourceTree = "<group>"; };
		2867F84B270B595C002CA8CC /* CompanyView.swift */ = {isa = PBXFileReference; lastKnownFileType = sourcecode.swift; path = CompanyView.swift; sourceTree = "<group>"; };
		28737A59277BB842004D56C1 /* NewProjectSheet.swift */ = {isa = PBXFileReference; lastKnownFileType = sourcecode.swift; path = NewProjectSheet.swift; sourceTree = "<group>"; };
		28737A5B277BB8B3004D56C1 /* NoInvoicesScreen.swift */ = {isa = PBXFileReference; lastKnownFileType = sourcecode.swift; path = NoInvoicesScreen.swift; sourceTree = "<group>"; };
		28737A5D277BB9D3004D56C1 /* SidebarColumn.swift */ = {isa = PBXFileReference; lastKnownFileType = sourcecode.swift; path = SidebarColumn.swift; sourceTree = "<group>"; };
		28737A5F277BBC6D004D56C1 /* NewInvoiceView.swift */ = {isa = PBXFileReference; lastKnownFileType = sourcecode.swift; path = NewInvoiceView.swift; sourceTree = "<group>"; };
		28737A61277C2E66004D56C1 /* NewCompanySheet.swift */ = {isa = PBXFileReference; lastKnownFileType = sourcecode.swift; path = NewCompanySheet.swift; sourceTree = "<group>"; };
		28737A67277C83AC004D56C1 /* Company.swift */ = {isa = PBXFileReference; lastKnownFileType = sourcecode.swift; path = Company.swift; sourceTree = "<group>"; };
		28737A6A278310CD004D56C1 /* CompanyData.swift */ = {isa = PBXFileReference; lastKnownFileType = sourcecode.swift; path = CompanyData.swift; sourceTree = "<group>"; };
		28737A6C2783110B004D56C1 /* PropertyLoopable.swift */ = {isa = PBXFileReference; lastKnownFileType = sourcecode.swift; path = PropertyLoopable.swift; sourceTree = "<group>"; };
		28737A6E27831131004D56C1 /* InvoiceReport.swift */ = {isa = PBXFileReference; lastKnownFileType = sourcecode.swift; path = InvoiceReport.swift; sourceTree = "<group>"; };
		28737A7027831170004D56C1 /* InvoiceProduct.swift */ = {isa = PBXFileReference; lastKnownFileType = sourcecode.swift; path = InvoiceProduct.swift; sourceTree = "<group>"; };
		28737A762783E1BD004D56C1 /* DeleteConfirmationColumn.swift */ = {isa = PBXFileReference; lastKnownFileType = sourcecode.swift; path = DeleteConfirmationColumn.swift; sourceTree = "<group>"; };
		28737A8827849F0B004D56C1 /* MainWindow.swift */ = {isa = PBXFileReference; lastKnownFileType = sourcecode.swift; path = MainWindow.swift; sourceTree = "<group>"; };
		28737A8A27862F63004D56C1 /* MainWindow.swift */ = {isa = PBXFileReference; lastKnownFileType = sourcecode.swift; path = MainWindow.swift; sourceTree = "<group>"; };
		28737A9327878B33004D56C1 /* InvoicesListScreen.swift */ = {isa = PBXFileReference; lastKnownFileType = sourcecode.swift; path = InvoicesListScreen.swift; sourceTree = "<group>"; };
		28737A972787A42F004D56C1 /* CompaniesListScreen.swift */ = {isa = PBXFileReference; lastKnownFileType = sourcecode.swift; path = CompaniesListScreen.swift; sourceTree = "<group>"; };
		28737A9B278A1FF7004D56C1 /* InvoiceAndReportScreen.swift */ = {isa = PBXFileReference; lastKnownFileType = sourcecode.swift; path = InvoiceAndReportScreen.swift; sourceTree = "<group>"; };
		28A73D042763B93700F727C3 /* Invoices.app */ = {isa = PBXFileReference; explicitFileType = wrapper.application; includeInIndex = 0; path = Invoices.app; sourceTree = BUILT_PRODUCTS_DIR; };
		28A73D0A2763B93900F727C3 /* Assets.xcassets */ = {isa = PBXFileReference; lastKnownFileType = folder.assetcatalog; path = Assets.xcassets; sourceTree = "<group>"; };
		28A73D0D2763B93900F727C3 /* Preview Assets.xcassets */ = {isa = PBXFileReference; lastKnownFileType = folder.assetcatalog; path = "Preview Assets.xcassets"; sourceTree = "<group>"; };
		28A73D122763B9A700F727C3 /* Invoices iOS.entitlements */ = {isa = PBXFileReference; lastKnownFileType = text.plist.entitlements; path = "Invoices iOS.entitlements"; sourceTree = "<group>"; };
		28A73D332763C05100F727C3 /* Invoices.entitlements */ = {isa = PBXFileReference; fileEncoding = 4; lastKnownFileType = text.plist.entitlements; path = Invoices.entitlements; sourceTree = "<group>"; };
		28A73D382763CFA100F727C3 /* Invoices-iOS-Info.plist */ = {isa = PBXFileReference; lastKnownFileType = text.plist; path = "Invoices-iOS-Info.plist"; sourceTree = SOURCE_ROOT; };
		28A73D3F2764D2C400F727C3 /* IcloudDriveRepository.swift */ = {isa = PBXFileReference; lastKnownFileType = sourcecode.swift; path = IcloudDriveRepository.swift; sourceTree = "<group>"; };
		28C04361274E2D7B0057C0D0 /* Report.swift */ = {isa = PBXFileReference; lastKnownFileType = sourcecode.swift; path = Report.swift; sourceTree = "<group>"; };
		28C04365274E9D3E0057C0D0 /* ReportsInteractorTests.swift */ = {isa = PBXFileReference; lastKnownFileType = sourcecode.swift; path = ReportsInteractorTests.swift; sourceTree = "<group>"; };
		28C0436B274E9EE00057C0D0 /* InvoicesTests.xctest */ = {isa = PBXFileReference; explicitFileType = wrapper.cfbundle; includeInIndex = 0; path = InvoicesTests.xctest; sourceTree = BUILT_PRODUCTS_DIR; };
		28C0438227563CA60057C0D0 /* ChartsView.swift */ = {isa = PBXFileReference; lastKnownFileType = sourcecode.swift; path = ChartsView.swift; sourceTree = "<group>"; };
		28C04386275656DA0057C0D0 /* Project.swift */ = {isa = PBXFileReference; lastKnownFileType = sourcecode.swift; path = Project.swift; sourceTree = "<group>"; };
		28C0438C275888680057C0D0 /* Toolbar+ViewModifier.swift */ = {isa = PBXFileReference; lastKnownFileType = sourcecode.swift; path = "Toolbar+ViewModifier.swift"; sourceTree = "<group>"; };
		28C61818273BF43C0044ABBB /* Invoice.swift */ = {isa = PBXFileReference; lastKnownFileType = sourcecode.swift; path = Invoice.swift; sourceTree = "<group>"; };
		28CE1DDC2763929F00491447 /* CloudKit.framework */ = {isa = PBXFileReference; lastKnownFileType = wrapper.framework; name = CloudKit.framework; path = System/Library/Frameworks/CloudKit.framework; sourceTree = SDKROOT; };
		28D81C3D27358BD200209EAC /* InvoiceEditor.swift */ = {isa = PBXFileReference; lastKnownFileType = sourcecode.swift; path = InvoiceEditor.swift; sourceTree = "<group>"; };
		28D81C4727380A2900209EAC /* ReportEditor.swift */ = {isa = PBXFileReference; lastKnownFileType = sourcecode.swift; path = ReportEditor.swift; sourceTree = "<group>"; };
		28D81C4C2738D2BA00209EAC /* ReportRowView.swift */ = {isa = PBXFileReference; lastKnownFileType = sourcecode.swift; path = ReportRowView.swift; sourceTree = "<group>"; };
		28D81C4E2738F32100209EAC /* template_invoice.html */ = {isa = PBXFileReference; fileEncoding = 4; lastKnownFileType = text.html; path = template_invoice.html; sourceTree = "<group>"; };
		28D81C4F2738F32100209EAC /* template_report.html */ = {isa = PBXFileReference; fileEncoding = 4; lastKnownFileType = text.html; path = template_report.html; sourceTree = "<group>"; };
		28D81C502738F32100209EAC /* template_report_project.html */ = {isa = PBXFileReference; fileEncoding = 4; lastKnownFileType = text.html; path = template_report_project.html; sourceTree = "<group>"; };
		28D81C512738F32100209EAC /* template_report_row.html */ = {isa = PBXFileReference; fileEncoding = 4; lastKnownFileType = text.html; path = template_report_row.html; sourceTree = "<group>"; };
		28D81C522738F32100209EAC /* template_invoice_row.html */ = {isa = PBXFileReference; fileEncoding = 4; lastKnownFileType = text.html; path = template_invoice_row.html; sourceTree = "<group>"; };
		28F91D4A26A1AC100057C5CC /* Invoices.app */ = {isa = PBXFileReference; explicitFileType = wrapper.application; includeInIndex = 0; path = Invoices.app; sourceTree = BUILT_PRODUCTS_DIR; };
		28F91D4D26A1AC110057C5CC /* InvoicesApp.swift */ = {isa = PBXFileReference; lastKnownFileType = sourcecode.swift; path = InvoicesApp.swift; sourceTree = "<group>"; };
		28F91D4F26A1AC110057C5CC /* ContentColumn.swift */ = {isa = PBXFileReference; lastKnownFileType = sourcecode.swift; path = ContentColumn.swift; sourceTree = "<group>"; };
		28F91D5126A1AC150057C5CC /* Assets.xcassets */ = {isa = PBXFileReference; lastKnownFileType = folder.assetcatalog; path = Assets.xcassets; sourceTree = "<group>"; };
		28F91D5426A1AC150057C5CC /* Preview Assets.xcassets */ = {isa = PBXFileReference; lastKnownFileType = folder.assetcatalog; path = "Preview Assets.xcassets"; sourceTree = "<group>"; };
		28F91D5626A1AC150057C5CC /* Info.plist */ = {isa = PBXFileReference; lastKnownFileType = text.plist.xml; path = Info.plist; sourceTree = "<group>"; };
		562965042B4EE26A00C44605 /* ProjectsListScreen.swift */ = {isa = PBXFileReference; fileEncoding = 4; lastKnownFileType = sourcecode.swift; path = ProjectsListScreen.swift; sourceTree = "<group>"; };
		563A6D002821807100C3C30A /* ProjectsStore.swift */ = {isa = PBXFileReference; lastKnownFileType = sourcecode.swift; path = ProjectsStore.swift; sourceTree = "<group>"; };
		564788AE287E95B10034AA4C /* CloudKit.framework */ = {isa = PBXFileReference; lastKnownFileType = wrapper.framework; name = CloudKit.framework; path = Platforms/iPhoneOS.platform/Developer/SDKs/iPhoneOS15.5.sdk/System/Library/Frameworks/CloudKit.framework; sourceTree = DEVELOPER_DIR; };
		566EE0752B7C287C000353DC /* String.swift */ = {isa = PBXFileReference; lastKnownFileType = sourcecode.swift; path = String.swift; sourceTree = "<group>"; };
		566EE0782B7C2B5D000353DC /* template_invoice_row.xml */ = {isa = PBXFileReference; fileEncoding = 4; lastKnownFileType = text.xml; path = template_invoice_row.xml; sourceTree = "<group>"; };
		566EE0792B7C2B5D000353DC /* template_invoice.xml */ = {isa = PBXFileReference; fileEncoding = 4; lastKnownFileType = text.xml; path = template_invoice.xml; sourceTree = "<group>"; };
		567F86A228BA05C70091EC54 /* ReportProject.swift */ = {isa = PBXFileReference; lastKnownFileType = sourcecode.swift; path = ReportProject.swift; sourceTree = "<group>"; };
		568AB73D2B50A10600D1679F /* SettingsWindow.swift */ = {isa = PBXFileReference; lastKnownFileType = sourcecode.swift; path = SettingsWindow.swift; sourceTree = "<group>"; };
		568AB73F2B50A33600D1679F /* SettingsStore.swift */ = {isa = PBXFileReference; lastKnownFileType = sourcecode.swift; path = SettingsStore.swift; sourceTree = "<group>"; };
		568AB7412B513CA800D1679F /* MainWindowState.swift */ = {isa = PBXFileReference; lastKnownFileType = sourcecode.swift; path = MainWindowState.swift; sourceTree = "<group>"; };
		56B944F328822FBA00D312A4 /* NoCompaniesScreen.swift */ = {isa = PBXFileReference; lastKnownFileType = sourcecode.swift; path = NoCompaniesScreen.swift; sourceTree = "<group>"; };
		56B944F72882F5B300D312A4 /* NoCompaniesView.swift */ = {isa = PBXFileReference; lastKnownFileType = sourcecode.swift; path = NoCompaniesView.swift; sourceTree = "<group>"; };
		56B944F9288359C300D312A4 /* InvoiceEditorSheet.swift */ = {isa = PBXFileReference; lastKnownFileType = sourcecode.swift; path = InvoiceEditorSheet.swift; sourceTree = "<group>"; };
		56B944FF288485AC00D312A4 /* ReportsInteractor.swift */ = {isa = PBXFileReference; lastKnownFileType = sourcecode.swift; path = ReportsInteractor.swift; sourceTree = "<group>"; };
		56B9450728851F3C00D312A4 /* NewProjectView.swift */ = {isa = PBXFileReference; lastKnownFileType = sourcecode.swift; path = NewProjectView.swift; sourceTree = "<group>"; };
		56B9450A28853DDA00D312A4 /* FoldersListView.swift */ = {isa = PBXFileReference; lastKnownFileType = sourcecode.swift; path = FoldersListView.swift; sourceTree = "<group>"; };
		56B9450D2885518C00D312A4 /* NoProjectsScreen.swift */ = {isa = PBXFileReference; lastKnownFileType = sourcecode.swift; path = NoProjectsScreen.swift; sourceTree = "<group>"; };
		56B945182886283900D312A4 /* InvoicesStore.swift */ = {isa = PBXFileReference; lastKnownFileType = sourcecode.swift; path = InvoicesStore.swift; sourceTree = "<group>"; };
		56B9451B28868E0D00D312A4 /* InvoiceStore.swift */ = {isa = PBXFileReference; lastKnownFileType = sourcecode.swift; path = InvoiceStore.swift; sourceTree = "<group>"; };
		56B9451E2886A1A900D312A4 /* NewInvoiceScreen.swift */ = {isa = PBXFileReference; lastKnownFileType = sourcecode.swift; path = NewInvoiceScreen.swift; sourceTree = "<group>"; };
		56B945292886C34B00D312A4 /* CompaniesStore.swift */ = {isa = PBXFileReference; lastKnownFileType = sourcecode.swift; path = CompaniesStore.swift; sourceTree = "<group>"; };
		56B9452F28876CFA00D312A4 /* LocalRepository.swift */ = {isa = PBXFileReference; lastKnownFileType = sourcecode.swift; path = LocalRepository.swift; sourceTree = "<group>"; };
		56B94531288771B000D312A4 /* CompanyScreen.swift */ = {isa = PBXFileReference; lastKnownFileType = sourcecode.swift; path = CompanyScreen.swift; sourceTree = "<group>"; };
		56B945342887DFA700D312A4 /* NoInvoicesView.swift */ = {isa = PBXFileReference; lastKnownFileType = sourcecode.swift; path = NoInvoicesView.swift; sourceTree = "<group>"; };
		56CB792C28A140D000E85EF7 /* DateTests.swift */ = {isa = PBXFileReference; lastKnownFileType = sourcecode.swift; path = DateTests.swift; sourceTree = "<group>"; };
		56D38549288A6C0C00E8BEB5 /* MainViewIpad.swift */ = {isa = PBXFileReference; lastKnownFileType = sourcecode.swift; path = MainViewIpad.swift; sourceTree = "<group>"; };
		56D3854C288A947300E8BEB5 /* ReportEditorSheet.swift */ = {isa = PBXFileReference; lastKnownFileType = sourcecode.swift; path = ReportEditorSheet.swift; sourceTree = "<group>"; };
		56D3854E288B207B00E8BEB5 /* Exporter.swift */ = {isa = PBXFileReference; lastKnownFileType = sourcecode.swift; path = Exporter.swift; sourceTree = "<group>"; };
		56D38550288B20A600E8BEB5 /* Exporter.swift */ = {isa = PBXFileReference; lastKnownFileType = sourcecode.swift; path = Exporter.swift; sourceTree = "<group>"; };
		56D38552288B392A00E8BEB5 /* Keyboard+ViewModifier.swift */ = {isa = PBXFileReference; lastKnownFileType = sourcecode.swift; path = "Keyboard+ViewModifier.swift"; sourceTree = "<group>"; };
		56D38556288C22AB00E8BEB5 /* CompanyPopover.swift */ = {isa = PBXFileReference; lastKnownFileType = sourcecode.swift; path = CompanyPopover.swift; sourceTree = "<group>"; };
		56D3855C288DF1EF00E8BEB5 /* InvoiceEditorPopover.swift */ = {isa = PBXFileReference; lastKnownFileType = sourcecode.swift; path = InvoiceEditorPopover.swift; sourceTree = "<group>"; };
		56D385602891E3B000E8BEB5 /* InvoiceInteractor.swift */ = {isa = PBXFileReference; lastKnownFileType = sourcecode.swift; path = InvoiceInteractor.swift; sourceTree = "<group>"; };
		56D385632891E3BB00E8BEB5 /* ReportInteractor.swift */ = {isa = PBXFileReference; lastKnownFileType = sourcecode.swift; path = ReportInteractor.swift; sourceTree = "<group>"; };
		56D385672892DE6600E8BEB5 /* ReportEditorPopover.swift */ = {isa = PBXFileReference; lastKnownFileType = sourcecode.swift; path = ReportEditorPopover.swift; sourceTree = "<group>"; };
		56D38569289896C300E8BEB5 /* TextField+ViewModifier.swift */ = {isa = PBXFileReference; lastKnownFileType = sourcecode.swift; path = "TextField+ViewModifier.swift"; sourceTree = "<group>"; };
		56D3856C2899025500E8BEB5 /* ExportPopover.swift */ = {isa = PBXFileReference; lastKnownFileType = sourcecode.swift; path = ExportPopover.swift; sourceTree = "<group>"; };
		56D3856E289C0BBB00E8BEB5 /* CompanyColumn.swift */ = {isa = PBXFileReference; lastKnownFileType = sourcecode.swift; path = CompanyColumn.swift; sourceTree = "<group>"; };
		56D6799228017C0A00133E1B /* MainStore.swift */ = {isa = PBXFileReference; lastKnownFileType = sourcecode.swift; path = MainStore.swift; sourceTree = "<group>"; };
		56D6799628017F0D00133E1B /* Repository.swift */ = {isa = PBXFileReference; lastKnownFileType = sourcecode.swift; path = Repository.swift; sourceTree = "<group>"; };
		56D6799A28020D0400133E1B /* ProjectsInteractor.swift */ = {isa = PBXFileReference; lastKnownFileType = sourcecode.swift; path = ProjectsInteractor.swift; sourceTree = "<group>"; };
		56D6799D280212B600133E1B /* InvoicesInteractor.swift */ = {isa = PBXFileReference; lastKnownFileType = sourcecode.swift; path = InvoicesInteractor.swift; sourceTree = "<group>"; };
		56D679A0280212CC00133E1B /* CompaniesInteractor.swift */ = {isa = PBXFileReference; lastKnownFileType = sourcecode.swift; path = CompaniesInteractor.swift; sourceTree = "<group>"; };
		56DAD62D2B59180000A30F9C /* ReportEditorViewModel.swift */ = {isa = PBXFileReference; lastKnownFileType = sourcecode.swift; path = ReportEditorViewModel.swift; sourceTree = "<group>"; };
		56DAD6302B595A9000A30F9C /* ReportEditorColumn.swift */ = {isa = PBXFileReference; lastKnownFileType = sourcecode.swift; path = ReportEditorColumn.swift; sourceTree = "<group>"; };
		56DAD6322B598CF100A30F9C /* InvoiceEditorColumn.swift */ = {isa = PBXFileReference; lastKnownFileType = sourcecode.swift; path = InvoiceEditorColumn.swift; sourceTree = "<group>"; };
		56DAD6342B59CB7E00A30F9C /* InvoiceEditorViewModel.swift */ = {isa = PBXFileReference; lastKnownFileType = sourcecode.swift; path = InvoiceEditorViewModel.swift; sourceTree = "<group>"; };
		56DAD6372B6308E200A30F9C /* CompanyViewModel.swift */ = {isa = PBXFileReference; lastKnownFileType = sourcecode.swift; path = CompanyViewModel.swift; sourceTree = "<group>"; };
		56DAD63A2B654CAD00A30F9C /* ChartsViewModel.swift */ = {isa = PBXFileReference; lastKnownFileType = sourcecode.swift; path = ChartsViewModel.swift; sourceTree = "<group>"; };
		56DAD63D2B66AB1900A30F9C /* PDFDocument+Transferable.swift */ = {isa = PBXFileReference; lastKnownFileType = sourcecode.swift; path = "PDFDocument+Transferable.swift"; sourceTree = "<group>"; };
		56DAD6402B66E4A300A30F9C /* InvoicesConfig.swift */ = {isa = PBXFileReference; lastKnownFileType = sourcecode.swift; path = InvoicesConfig.swift; sourceTree = "<group>"; };
		56DAD6432B67AEAD00A30F9C /* EditorType.swift */ = {isa = PBXFileReference; lastKnownFileType = sourcecode.swift; path = EditorType.swift; sourceTree = "<group>"; };
		56EB80C92B5315280046D72C /* ProjectsMenu.swift */ = {isa = PBXFileReference; lastKnownFileType = sourcecode.swift; path = ProjectsMenu.swift; sourceTree = "<group>"; };
		56EB80CB2B5315F10046D72C /* InvoicesList.swift */ = {isa = PBXFileReference; lastKnownFileType = sourcecode.swift; path = InvoicesList.swift; sourceTree = "<group>"; };
		56EB80CD2B532C7E0046D72C /* CompaniesList.swift */ = {isa = PBXFileReference; lastKnownFileType = sourcecode.swift; path = CompaniesList.swift; sourceTree = "<group>"; };
		56EB80D52B55FAF30046D72C /* InvoiceEditorProtocol.swift */ = {isa = PBXFileReference; lastKnownFileType = sourcecode.swift; path = InvoiceEditorProtocol.swift; sourceTree = "<group>"; };
/* End PBXFileReference section */

/* Begin PBXFrameworksBuildPhase section */
		28A73D012763B93700F727C3 /* Frameworks */ = {
			isa = PBXFrameworksBuildPhase;
			buildActionMask = 2147483647;
			files = (
				28A73D352763C28A00F727C3 /* BarChart in Frameworks */,
				564788AF287E95B10034AA4C /* CloudKit.framework in Frameworks */,
				564788AD287E959F0034AA4C /* RCPreferences in Frameworks */,
				28A73D372763C29500F727C3 /* SwiftCSV in Frameworks */,
			);
			runOnlyForDeploymentPostprocessing = 0;
		};
		28C04368274E9EE00057C0D0 /* Frameworks */ = {
			isa = PBXFrameworksBuildPhase;
			buildActionMask = 2147483647;
			files = (
			);
			runOnlyForDeploymentPostprocessing = 0;
		};
		28F91D4726A1AC100057C5CC /* Frameworks */ = {
			isa = PBXFrameworksBuildPhase;
			buildActionMask = 2147483647;
			files = (
				56D6799027FEB1C300133E1B /* RCPreferences in Frameworks */,
				28CE1DDD276392A000491447 /* CloudKit.framework in Frameworks */,
				28D81C432736434C00209EAC /* SwiftCSV in Frameworks */,
				28C0435D274BA69F0057C0D0 /* BarChart in Frameworks */,
			);
			runOnlyForDeploymentPostprocessing = 0;
		};
/* End PBXFrameworksBuildPhase section */

/* Begin PBXGroup section */
		2867F84027062EFC002CA8CC /* templates */ = {
			isa = PBXGroup;
			children = (
				28D81C4E2738F32100209EAC /* template_invoice.html */,
				566EE0792B7C2B5D000353DC /* template_invoice.xml */,
				28D81C522738F32100209EAC /* template_invoice_row.html */,
				566EE0782B7C2B5D000353DC /* template_invoice_row.xml */,
				28D81C4F2738F32100209EAC /* template_report.html */,
				28D81C512738F32100209EAC /* template_report_row.html */,
				28D81C502738F32100209EAC /* template_report_project.html */,
			);
			path = templates;
			sourceTree = "<group>";
		};
		28737A55277740B0004D56C1 /* iPad */ = {
			isa = PBXGroup;
			children = (
				56D38549288A6C0C00E8BEB5 /* MainViewIpad.swift */,
			);
			path = iPad;
			sourceTree = "<group>";
		};
		28737A69278310A2004D56C1 /* Companies */ = {
			isa = PBXGroup;
			children = (
				56DAD6372B6308E200A30F9C /* CompanyViewModel.swift */,
				2867F84B270B595C002CA8CC /* CompanyView.swift */,
				56B944F72882F5B300D312A4 /* NoCompaniesView.swift */,
			);
			path = Companies;
			sourceTree = "<group>";
		};
		28737A9A2789CA5F004D56C1 /* Projects */ = {
			isa = PBXGroup;
			children = (
				56B9450A28853DDA00D312A4 /* FoldersListView.swift */,
				56B9450728851F3C00D312A4 /* NewProjectView.swift */,
			);
			path = Projects;
			sourceTree = "<group>";
		};
		28A73D052763B93700F727C3 /* Invoices iOS */ = {
			isa = PBXGroup;
			children = (
				28A73D382763CFA100F727C3 /* Invoices-iOS-Info.plist */,
				28A73D122763B9A700F727C3 /* Invoices iOS.entitlements */,
				28A73D0A2763B93900F727C3 /* Assets.xcassets */,
				28A73D0C2763B93900F727C3 /* Preview Content */,
			);
			path = "Invoices iOS";
			sourceTree = "<group>";
		};
		28A73D0C2763B93900F727C3 /* Preview Content */ = {
			isa = PBXGroup;
			children = (
				28A73D0D2763B93900F727C3 /* Preview Assets.xcassets */,
			);
			path = "Preview Content";
			sourceTree = "<group>";
		};
		28C61817273BF4180044ABBB /* Entities */ = {
			isa = PBXGroup;
			children = (
				28C04386275656DA0057C0D0 /* Project.swift */,
				28C61818273BF43C0044ABBB /* Invoice.swift */,
				2814C1F126E8E3E50054FD5B /* InvoiceData.swift */,
				28737A7027831170004D56C1 /* InvoiceProduct.swift */,
				28737A6E27831131004D56C1 /* InvoiceReport.swift */,
				28C04361274E2D7B0057C0D0 /* Report.swift */,
				567F86A228BA05C70091EC54 /* ReportProject.swift */,
				28737A67277C83AC004D56C1 /* Company.swift */,
				28737A6A278310CD004D56C1 /* CompanyData.swift */,
			);
			path = Entities;
			sourceTree = "<group>";
		};
		28CE1DDB2763929F00491447 /* Frameworks */ = {
			isa = PBXGroup;
			children = (
				564788AE287E95B10034AA4C /* CloudKit.framework */,
				28CE1DDC2763929F00491447 /* CloudKit.framework */,
			);
			name = Frameworks;
			sourceTree = "<group>";
		};
		28D81C2B2733B04B00209EAC /* Platforms */ = {
			isa = PBXGroup;
			children = (
				28F91D4D26A1AC110057C5CC /* InvoicesApp.swift */,
				56DAD6402B66E4A300A30F9C /* InvoicesConfig.swift */,
				564788B02881DF7C0034AA4C /* components */,
				564788AB287E930A0034AA4C /* iOS */,
				28737A55277740B0004D56C1 /* iPad */,
				28D81C4B27380F5F00209EAC /* macOS */,
			);
			path = Platforms;
			sourceTree = "<group>";
		};
		28D81C2C2733B0A300209EAC /* Extensions */ = {
			isa = PBXGroup;
			children = (
				28737A6C2783110B004D56C1 /* PropertyLoopable.swift */,
				2814C1F526E9323A0054FD5B /* Date.swift */,
				56CB792C28A140D000E85EF7 /* DateTests.swift */,
				2814C1F326E910930054FD5B /* Numbers.swift */,
				566EE0752B7C287C000353DC /* String.swift */,
				56D38552288B392A00E8BEB5 /* Keyboard+ViewModifier.swift */,
				56D38569289896C300E8BEB5 /* TextField+ViewModifier.swift */,
				56DAD63D2B66AB1900A30F9C /* PDFDocument+Transferable.swift */,
			);
			path = Extensions;
			sourceTree = "<group>";
		};
		28D81C442737CAE100209EAC /* Invoice */ = {
			isa = PBXGroup;
			children = (
				56D3855C288DF1EF00E8BEB5 /* InvoiceEditorPopover.swift */,
				56DAD6322B598CF100A30F9C /* InvoiceEditorColumn.swift */,
			);
			path = Invoice;
			sourceTree = "<group>";
		};
		28D81C4B27380F5F00209EAC /* macOS */ = {
			isa = PBXGroup;
			children = (
				28737A8A27862F63004D56C1 /* MainWindow.swift */,
				568AB7412B513CA800D1679F /* MainWindowState.swift */,
				56D3855F2891D43600E8BEB5 /* Sidebar */,
				56D3855E2891D42300E8BEB5 /* InvoiceAndReport */,
				56D38555288C226600E8BEB5 /* Companies */,
				56D679912801701A00133E1B /* Settings */,
			);
			path = macOS;
			sourceTree = "<group>";
		};
		28F91D4126A1AC100057C5CC = {
			isa = PBXGroup;
			children = (
				28F91D4C26A1AC110057C5CC /* Invoices */,
				28A73D052763B93700F727C3 /* Invoices iOS */,
				28F91D4B26A1AC100057C5CC /* Products */,
				28CE1DDB2763929F00491447 /* Frameworks */,
			);
			sourceTree = "<group>";
		};
		28F91D4B26A1AC100057C5CC /* Products */ = {
			isa = PBXGroup;
			children = (
				28F91D4A26A1AC100057C5CC /* Invoices.app */,
				28C0436B274E9EE00057C0D0 /* InvoicesTests.xctest */,
				28A73D042763B93700F727C3 /* Invoices.app */,
			);
			name = Products;
			sourceTree = "<group>";
		};
		28F91D4C26A1AC110057C5CC /* Invoices */ = {
			isa = PBXGroup;
			children = (
				56D6799528017EEA00133E1B /* External */,
				56B9453328878E2600D312A4 /* App */,
				28D81C2B2733B04B00209EAC /* Platforms */,
				2867F84027062EFC002CA8CC /* templates */,
				28F91D5126A1AC150057C5CC /* Assets.xcassets */,
				28A73D332763C05100F727C3 /* Invoices.entitlements */,
				28F91D5626A1AC150057C5CC /* Info.plist */,
				28F91D5326A1AC150057C5CC /* Preview Content */,
			);
			path = Invoices;
			sourceTree = "<group>";
		};
		28F91D5326A1AC150057C5CC /* Preview Content */ = {
			isa = PBXGroup;
			children = (
				28F91D5426A1AC150057C5CC /* Preview Assets.xcassets */,
			);
			path = "Preview Content";
			sourceTree = "<group>";
		};
		563A6CFF2821805000C3C30A /* Store */ = {
			isa = PBXGroup;
			children = (
				56D6799228017C0A00133E1B /* MainStore.swift */,
				563A6D002821807100C3C30A /* ProjectsStore.swift */,
				56B945182886283900D312A4 /* InvoicesStore.swift */,
				56B9451B28868E0D00D312A4 /* InvoiceStore.swift */,
				56B945292886C34B00D312A4 /* CompaniesStore.swift */,
				568AB73F2B50A33600D1679F /* SettingsStore.swift */,
			);
			path = Store;
			sourceTree = "<group>";
		};
		564788AB287E930A0034AA4C /* iOS */ = {
			isa = PBXGroup;
			children = (
				28737A8827849F0B004D56C1 /* MainWindow.swift */,
				56B9450628851EAD00D312A4 /* Projects */,
				56B94510288552D800D312A4 /* InvoiceAndReport */,
				56B9450F288552C700D312A4 /* Companies */,
			);
			path = iOS;
			sourceTree = "<group>";
		};
		564788B02881DF7C0034AA4C /* components */ = {
			isa = PBXGroup;
			children = (
				28737A9A2789CA5F004D56C1 /* Projects */,
				56B944FB28835A6700D312A4 /* Invoices */,
				28737A69278310A2004D56C1 /* Companies */,
			);
			path = components;
			sourceTree = "<group>";
		};
		569326BC2B70BC7600579BA7 /* Invoice */ = {
			isa = PBXGroup;
			children = (
				28737A5B277BB8B3004D56C1 /* NoInvoicesScreen.swift */,
				56B9451E2886A1A900D312A4 /* NewInvoiceScreen.swift */,
				56B944F9288359C300D312A4 /* InvoiceEditorSheet.swift */,
			);
			path = Invoice;
			sourceTree = "<group>";
		};
		56B944FB28835A6700D312A4 /* Invoices */ = {
			isa = PBXGroup;
			children = (
				56DAD6432B67AEAD00A30F9C /* EditorType.swift */,
				56EB80D52B55FAF30046D72C /* InvoiceEditorProtocol.swift */,
				56DAD6342B59CB7E00A30F9C /* InvoiceEditorViewModel.swift */,
				28D81C3D27358BD200209EAC /* InvoiceEditor.swift */,
				56DAD62D2B59180000A30F9C /* ReportEditorViewModel.swift */,
				28D81C4727380A2900209EAC /* ReportEditor.swift */,
				28D81C4C2738D2BA00209EAC /* ReportRowView.swift */,
				28737A5F277BBC6D004D56C1 /* NewInvoiceView.swift */,
				56B945342887DFA700D312A4 /* NoInvoicesView.swift */,
				2814C1ED26E88F510054FD5B /* HtmlViewer.swift */,
				56DAD63A2B654CAD00A30F9C /* ChartsViewModel.swift */,
				28C0438227563CA60057C0D0 /* ChartsView.swift */,
			);
			path = Invoices;
			sourceTree = "<group>";
		};
		56B9450628851EAD00D312A4 /* Projects */ = {
			isa = PBXGroup;
			children = (
				562965042B4EE26A00C44605 /* ProjectsListScreen.swift */,
				28737A59277BB842004D56C1 /* NewProjectSheet.swift */,
				56B9450D2885518C00D312A4 /* NoProjectsScreen.swift */,
			);
			path = Projects;
			sourceTree = "<group>";
		};
		56B9450F288552C700D312A4 /* Companies */ = {
			isa = PBXGroup;
			children = (
				28737A972787A42F004D56C1 /* CompaniesListScreen.swift */,
				56B94531288771B000D312A4 /* CompanyScreen.swift */,
				28737A61277C2E66004D56C1 /* NewCompanySheet.swift */,
				56B944F328822FBA00D312A4 /* NoCompaniesScreen.swift */,
			);
			path = Companies;
			sourceTree = "<group>";
		};
		56B94510288552D800D312A4 /* InvoiceAndReport */ = {
			isa = PBXGroup;
			children = (
				28737A9327878B33004D56C1 /* InvoicesListScreen.swift */,
				28737A9B278A1FF7004D56C1 /* InvoiceAndReportScreen.swift */,
				56D3854E288B207B00E8BEB5 /* Exporter.swift */,
				569326BC2B70BC7600579BA7 /* Invoice */,
				56D3854B288A944F00E8BEB5 /* Reports */,
			);
			path = InvoiceAndReport;
			sourceTree = "<group>";
		};
		56B9453328878E2600D312A4 /* App */ = {
			isa = PBXGroup;
			children = (
				28C61817273BF4180044ABBB /* Entities */,
				56D6799928020CE100133E1B /* Interactors */,
				563A6CFF2821805000C3C30A /* Store */,
				28D81C2C2733B0A300209EAC /* Extensions */,
			);
			path = App;
			sourceTree = "<group>";
		};
		56D3854B288A944F00E8BEB5 /* Reports */ = {
			isa = PBXGroup;
			children = (
				56D3854C288A947300E8BEB5 /* ReportEditorSheet.swift */,
			);
			path = Reports;
			sourceTree = "<group>";
		};
		56D38555288C226600E8BEB5 /* Companies */ = {
			isa = PBXGroup;
			children = (
				56D3856E289C0BBB00E8BEB5 /* CompanyColumn.swift */,
				56D38556288C22AB00E8BEB5 /* CompanyPopover.swift */,
			);
			path = Companies;
			sourceTree = "<group>";
		};
		56D3855E2891D42300E8BEB5 /* InvoiceAndReport */ = {
			isa = PBXGroup;
			children = (
				28F91D4F26A1AC110057C5CC /* ContentColumn.swift */,
				28C0438C275888680057C0D0 /* Toolbar+ViewModifier.swift */,
				56D3856C2899025500E8BEB5 /* ExportPopover.swift */,
				56D38550288B20A600E8BEB5 /* Exporter.swift */,
				28737A762783E1BD004D56C1 /* DeleteConfirmationColumn.swift */,
				28D81C442737CAE100209EAC /* Invoice */,
				56D385662892DE4F00E8BEB5 /* Reports */,
			);
			path = InvoiceAndReport;
			sourceTree = "<group>";
		};
		56D3855F2891D43600E8BEB5 /* Sidebar */ = {
			isa = PBXGroup;
			children = (
				28737A5D277BB9D3004D56C1 /* SidebarColumn.swift */,
				56EB80C92B5315280046D72C /* ProjectsMenu.swift */,
				56EB80CB2B5315F10046D72C /* InvoicesList.swift */,
				56EB80CD2B532C7E0046D72C /* CompaniesList.swift */,
			);
			path = Sidebar;
			sourceTree = "<group>";
		};
		56D385662892DE4F00E8BEB5 /* Reports */ = {
			isa = PBXGroup;
			children = (
				56D385672892DE6600E8BEB5 /* ReportEditorPopover.swift */,
				56DAD6302B595A9000A30F9C /* ReportEditorColumn.swift */,
			);
			path = Reports;
			sourceTree = "<group>";
		};
		56D679912801701A00133E1B /* Settings */ = {
			isa = PBXGroup;
			children = (
				568AB73D2B50A10600D1679F /* SettingsWindow.swift */,
			);
			path = Settings;
			sourceTree = "<group>";
		};
		56D6799528017EEA00133E1B /* External */ = {
			isa = PBXGroup;
			children = (
				56D6799628017F0D00133E1B /* Repository.swift */,
				2867F84927065729002CA8CC /* SandboxRepository.swift */,
				56B9452F28876CFA00D312A4 /* LocalRepository.swift */,
				28A73D3F2764D2C400F727C3 /* IcloudDriveRepository.swift */,
			);
			path = External;
			sourceTree = "<group>";
		};
		56D6799928020CE100133E1B /* Interactors */ = {
			isa = PBXGroup;
			children = (
				56D6799A28020D0400133E1B /* ProjectsInteractor.swift */,
				56D6799D280212B600133E1B /* InvoicesInteractor.swift */,
				56D385602891E3B000E8BEB5 /* InvoiceInteractor.swift */,
				56B944FF288485AC00D312A4 /* ReportsInteractor.swift */,
				28C04365274E9D3E0057C0D0 /* ReportsInteractorTests.swift */,
				56D385632891E3BB00E8BEB5 /* ReportInteractor.swift */,
				56D679A0280212CC00133E1B /* CompaniesInteractor.swift */,
			);
			path = Interactors;
			sourceTree = "<group>";
		};
/* End PBXGroup section */

/* Begin PBXNativeTarget section */
		28A73D032763B93700F727C3 /* Invoices iOS */ = {
			isa = PBXNativeTarget;
			buildConfigurationList = 28A73D0F2763B93900F727C3 /* Build configuration list for PBXNativeTarget "Invoices iOS" */;
			buildPhases = (
				28A73D002763B93700F727C3 /* Sources */,
				28A73D012763B93700F727C3 /* Frameworks */,
				28A73D022763B93700F727C3 /* Resources */,
			);
			buildRules = (
			);
			dependencies = (
			);
			name = "Invoices iOS";
			packageProductDependencies = (
				28A73D342763C28A00F727C3 /* BarChart */,
				28A73D362763C29500F727C3 /* SwiftCSV */,
				564788AC287E959F0034AA4C /* RCPreferences */,
			);
			productName = "Invoices iOS";
			productReference = 28A73D042763B93700F727C3 /* Invoices.app */;
			productType = "com.apple.product-type.application";
		};
		28C0436A274E9EE00057C0D0 /* InvoicesTests */ = {
			isa = PBXNativeTarget;
			buildConfigurationList = 28C04371274E9EE00057C0D0 /* Build configuration list for PBXNativeTarget "InvoicesTests" */;
			buildPhases = (
				28C04367274E9EE00057C0D0 /* Sources */,
				28C04368274E9EE00057C0D0 /* Frameworks */,
				28C04369274E9EE00057C0D0 /* Resources */,
			);
			buildRules = (
			);
			dependencies = (
				28C04370274E9EE00057C0D0 /* PBXTargetDependency */,
			);
			name = InvoicesTests;
			productName = InvoicesTests;
			productReference = 28C0436B274E9EE00057C0D0 /* InvoicesTests.xctest */;
			productType = "com.apple.product-type.bundle.unit-test";
		};
		28F91D4926A1AC100057C5CC /* Invoices */ = {
			isa = PBXNativeTarget;
			buildConfigurationList = 28F91D5A26A1AC150057C5CC /* Build configuration list for PBXNativeTarget "Invoices" */;
			buildPhases = (
				28F91D4626A1AC100057C5CC /* Sources */,
				28F91D4726A1AC100057C5CC /* Frameworks */,
				28F91D4826A1AC100057C5CC /* Resources */,
			);
			buildRules = (
			);
			dependencies = (
			);
			name = Invoices;
			packageProductDependencies = (
				28D81C422736434C00209EAC /* SwiftCSV */,
				28C0435C274BA69F0057C0D0 /* BarChart */,
				56D6798F27FEB1C300133E1B /* RCPreferences */,
			);
			productName = Invoices;
			productReference = 28F91D4A26A1AC100057C5CC /* Invoices.app */;
			productType = "com.apple.product-type.application";
		};
/* End PBXNativeTarget section */

/* Begin PBXProject section */
		28F91D4226A1AC100057C5CC /* Project object */ = {
			isa = PBXProject;
			attributes = {
				BuildIndependentTargetsInParallel = YES;
				LastSwiftUpdateCheck = 1310;
				LastUpgradeCheck = 1510;
				TargetAttributes = {
					28A73D032763B93700F727C3 = {
						CreatedOnToolsVersion = 13.1;
					};
					28C0436A274E9EE00057C0D0 = {
						CreatedOnToolsVersion = 13.1;
						TestTargetID = 28F91D4926A1AC100057C5CC;
					};
					28F91D4926A1AC100057C5CC = {
						CreatedOnToolsVersion = 12.5;
					};
				};
			};
			buildConfigurationList = 28F91D4526A1AC100057C5CC /* Build configuration list for PBXProject "Invoices" */;
			compatibilityVersion = "Xcode 9.3";
			developmentRegion = en;
			hasScannedForEncodings = 0;
			knownRegions = (
				en,
				Base,
			);
			mainGroup = 28F91D4126A1AC100057C5CC;
			packageReferences = (
				28D81C412736434C00209EAC /* XCRemoteSwiftPackageReference "SwiftCSV" */,
				28C0435B274BA69F0057C0D0 /* XCRemoteSwiftPackageReference "BarChart" */,
				56D6798E27FEB1C300133E1B /* XCRemoteSwiftPackageReference "RCPreferences" */,
			);
			productRefGroup = 28F91D4B26A1AC100057C5CC /* Products */;
			projectDirPath = "";
			projectRoot = "";
			targets = (
				28F91D4926A1AC100057C5CC /* Invoices */,
				28A73D032763B93700F727C3 /* Invoices iOS */,
				28C0436A274E9EE00057C0D0 /* InvoicesTests */,
			);
		};
/* End PBXProject section */

/* Begin PBXResourcesBuildPhase section */
		28A73D022763B93700F727C3 /* Resources */ = {
			isa = PBXResourcesBuildPhase;
			buildActionMask = 2147483647;
			files = (
				28A73D312763BFB100F727C3 /* template_report.html in Resources */,
				28A73D2E2763BFB100F727C3 /* template_invoice.html in Resources */,
				28A73D0E2763B93900F727C3 /* Preview Assets.xcassets in Resources */,
				28A73D2F2763BFB100F727C3 /* template_report_project.html in Resources */,
				28A73D2D2763BFB100F727C3 /* template_invoice_row.html in Resources */,
				28A73D0B2763B93900F727C3 /* Assets.xcassets in Resources */,
				566EE07D2B7C2B5D000353DC /* template_invoice.xml in Resources */,
				566EE07B2B7C2B5D000353DC /* template_invoice_row.xml in Resources */,
				28A73D302763BFB100F727C3 /* template_report_row.html in Resources */,
			);
			runOnlyForDeploymentPostprocessing = 0;
		};
		28C04369274E9EE00057C0D0 /* Resources */ = {
			isa = PBXResourcesBuildPhase;
			buildActionMask = 2147483647;
			files = (
			);
			runOnlyForDeploymentPostprocessing = 0;
		};
		28F91D4826A1AC100057C5CC /* Resources */ = {
			isa = PBXResourcesBuildPhase;
			buildActionMask = 2147483647;
			files = (
				28D81C572738F32100209EAC /* template_invoice_row.html in Resources */,
				28D81C532738F32100209EAC /* template_invoice.html in Resources */,
				28F91D5526A1AC150057C5CC /* Preview Assets.xcassets in Resources */,
				28D81C552738F32100209EAC /* template_report_project.html in Resources */,
				28D81C542738F32100209EAC /* template_report.html in Resources */,
				28F91D5226A1AC150057C5CC /* Assets.xcassets in Resources */,
				566EE07C2B7C2B5D000353DC /* template_invoice.xml in Resources */,
				566EE07A2B7C2B5D000353DC /* template_invoice_row.xml in Resources */,
				28D81C562738F32100209EAC /* template_report_row.html in Resources */,
			);
			runOnlyForDeploymentPostprocessing = 0;
		};
/* End PBXResourcesBuildPhase section */

/* Begin PBXSourcesBuildPhase section */
		28A73D002763B93700F727C3 /* Sources */ = {
			isa = PBXSourcesBuildPhase;
			buildActionMask = 2147483647;
			files = (
				56DAD6392B6308E200A30F9C /* CompanyViewModel.swift in Sources */,
				28737A86278490EA004D56C1 /* PropertyLoopable.swift in Sources */,
				28737A812784906B004D56C1 /* NewCompanySheet.swift in Sources */,
				28A73D2B2763BFA600F727C3 /* HtmlViewer.swift in Sources */,
				562965062B4EE2CC00C44605 /* ProjectsListScreen.swift in Sources */,
				28A73D282763BF9C00F727C3 /* ReportEditor.swift in Sources */,
				56DAD6452B67AEAD00A30F9C /* EditorType.swift in Sources */,
				56DAD63F2B66AB1900A30F9C /* PDFDocument+Transferable.swift in Sources */,
				56DAD62F2B59180000A30F9C /* ReportEditorViewModel.swift in Sources */,
				56D6799828017F0D00133E1B /* Repository.swift in Sources */,
				56B945282886B3D300D312A4 /* InvoiceAndReportScreen.swift in Sources */,
				56B94532288771B000D312A4 /* CompanyScreen.swift in Sources */,
				56B94516288585E900D312A4 /* NoInvoicesScreen.swift in Sources */,
				56D6799428017C0A00133E1B /* MainStore.swift in Sources */,
				56B9452B2886C34B00D312A4 /* CompaniesStore.swift in Sources */,
				56D3854A288A6C0C00E8BEB5 /* MainViewIpad.swift in Sources */,
				56D385622891E3B000E8BEB5 /* InvoiceInteractor.swift in Sources */,
				56DAD6362B59CB7E00A30F9C /* InvoiceEditorViewModel.swift in Sources */,
				56B945232886A29100D312A4 /* NewInvoiceView.swift in Sources */,
				56B9450928851F3C00D312A4 /* NewProjectView.swift in Sources */,
				563A6D022821807100C3C30A /* ProjectsStore.swift in Sources */,
				56D38554288B392A00E8BEB5 /* Keyboard+ViewModifier.swift in Sources */,
				56DAD6422B66E4A300A30F9C /* InvoicesConfig.swift in Sources */,
				28A73D1A2763BF6A00F727C3 /* Numbers.swift in Sources */,
				28737A7F27848FD3004D56C1 /* CompanyData.swift in Sources */,
				56D6799F280212B600133E1B /* InvoicesInteractor.swift in Sources */,
				28737A992787A42F004D56C1 /* CompaniesListScreen.swift in Sources */,
				56B9451A2886283900D312A4 /* InvoicesStore.swift in Sources */,
				28A73D182763BF6100F727C3 /* Report.swift in Sources */,
				28A73D162763BF5800F727C3 /* InvoiceData.swift in Sources */,
				566EE0772B7C287C000353DC /* String.swift in Sources */,
				28A73D152763BF5500F727C3 /* Project.swift in Sources */,
				569326BB2B6FBAF300579BA7 /* SettingsStore.swift in Sources */,
				28A73D172763BF5B00F727C3 /* Invoice.swift in Sources */,
				56B945362887DFA700D312A4 /* NoInvoicesView.swift in Sources */,
				28A73D1C2763BF7100F727C3 /* SandboxRepository.swift in Sources */,
				56B945172886280C00D312A4 /* InvoicesListScreen.swift in Sources */,
				56D3856B289896C300E8BEB5 /* TextField+ViewModifier.swift in Sources */,
				56B9451D28868E0D00D312A4 /* InvoiceStore.swift in Sources */,
				28737A8227849072004D56C1 /* CompanyView.swift in Sources */,
				56B944F528822FBA00D312A4 /* NoCompaniesScreen.swift in Sources */,
				56B94501288485AC00D312A4 /* ReportsInteractor.swift in Sources */,
				28737A8927849F0B004D56C1 /* MainWindow.swift in Sources */,
				56D6799C28020D0400133E1B /* ProjectsInteractor.swift in Sources */,
				56D3854F288B207B00E8BEB5 /* Exporter.swift in Sources */,
				56B9451F2886A1A900D312A4 /* NewInvoiceScreen.swift in Sources */,
				28737A8727849BDA004D56C1 /* InvoicesApp.swift in Sources */,
				28A73D192763BF6700F727C3 /* Date.swift in Sources */,
				56D679A2280212CC00133E1B /* CompaniesInteractor.swift in Sources */,
				56B944FD288366DB00D312A4 /* InvoiceEditor.swift in Sources */,
				56D3854D288A947300E8BEB5 /* ReportEditorSheet.swift in Sources */,
				28737A7D27848FD3004D56C1 /* Company.swift in Sources */,
				56DAD63C2B654CAD00A30F9C /* ChartsViewModel.swift in Sources */,
				28737A7C27848FCD004D56C1 /* InvoiceProduct.swift in Sources */,
				56B9450E2885518C00D312A4 /* NoProjectsScreen.swift in Sources */,
				28737A7B27848FBD004D56C1 /* NewProjectSheet.swift in Sources */,
				28737A7E27848FD3004D56C1 /* InvoiceReport.swift in Sources */,
				56D38559288C8B5500E8BEB5 /* ChartsView.swift in Sources */,
				56D38548288958C300E8BEB5 /* InvoiceEditorSheet.swift in Sources */,
				56D385652891E3BB00E8BEB5 /* ReportInteractor.swift in Sources */,
				56EB80D72B55FAF30046D72C /* InvoiceEditorProtocol.swift in Sources */,
				56B9452D28874E1900D312A4 /* NoCompaniesView.swift in Sources */,
				28A73D2A2763BF9C00F727C3 /* ReportRowView.swift in Sources */,
				567F86A428BA05C70091EC54 /* ReportProject.swift in Sources */,
			);
			runOnlyForDeploymentPostprocessing = 0;
		};
		28C04367274E9EE00057C0D0 /* Sources */ = {
			isa = PBXSourcesBuildPhase;
			buildActionMask = 2147483647;
			files = (
				56B945052884B6ED00D312A4 /* ReportsInteractorTests.swift in Sources */,
				56CB792D28A140D000E85EF7 /* DateTests.swift in Sources */,
			);
			runOnlyForDeploymentPostprocessing = 0;
		};
		28F91D4626A1AC100057C5CC /* Sources */ = {
			isa = PBXSourcesBuildPhase;
			buildActionMask = 2147483647;
			files = (
				56D38553288B392A00E8BEB5 /* Keyboard+ViewModifier.swift in Sources */,
				56D38557288C22AB00E8BEB5 /* CompanyPopover.swift in Sources */,
				56D385612891E3B000E8BEB5 /* InvoiceInteractor.swift in Sources */,
				567F86A328BA05C70091EC54 /* ReportProject.swift in Sources */,
				56DAD6442B67AEAD00A30F9C /* EditorType.swift in Sources */,
				28C04362274E2D7B0057C0D0 /* Report.swift in Sources */,
				28C04387275656DA0057C0D0 /* Project.swift in Sources */,
				56DAD63B2B654CAD00A30F9C /* ChartsViewModel.swift in Sources */,
				56DAD6382B6308E200A30F9C /* CompanyViewModel.swift in Sources */,
				56D38551288B20A600E8BEB5 /* Exporter.swift in Sources */,
				28737A8B27862F64004D56C1 /* MainWindow.swift in Sources */,
				568AB7402B50A33600D1679F /* SettingsStore.swift in Sources */,
				28C61819273BF43C0044ABBB /* Invoice.swift in Sources */,
				28D81C4D2738D2BA00209EAC /* ReportRowView.swift in Sources */,
				56D3856A289896C300E8BEB5 /* TextField+ViewModifier.swift in Sources */,
				2867F84C270B595C002CA8CC /* CompanyView.swift in Sources */,
				2814C1F226E8E3E50054FD5B /* InvoiceData.swift in Sources */,
				28D81C4827380A2900209EAC /* ReportEditor.swift in Sources */,
				56B9450828851F3C00D312A4 /* NewProjectView.swift in Sources */,
				56EB80D62B55FAF30046D72C /* InvoiceEditorProtocol.swift in Sources */,
				28737A6D2783110B004D56C1 /* PropertyLoopable.swift in Sources */,
				56DAD6332B598CF100A30F9C /* InvoiceEditorColumn.swift in Sources */,
				56B9452E28874E1A00D312A4 /* NoCompaniesView.swift in Sources */,
				56DAD63E2B66AB1900A30F9C /* PDFDocument+Transferable.swift in Sources */,
				2814C1EE26E88F510054FD5B /* HtmlViewer.swift in Sources */,
				28F91D5026A1AC110057C5CC /* ContentColumn.swift in Sources */,
				56D6799E280212B600133E1B /* InvoicesInteractor.swift in Sources */,
				56B945192886283900D312A4 /* InvoicesStore.swift in Sources */,
				2814C1F426E910930054FD5B /* Numbers.swift in Sources */,
				568AB7422B513CA800D1679F /* MainWindowState.swift in Sources */,
				28737A7127831170004D56C1 /* InvoiceProduct.swift in Sources */,
				56D3856D2899025500E8BEB5 /* ExportPopover.swift in Sources */,
				28C0438D275888680057C0D0 /* Toolbar+ViewModifier.swift in Sources */,
				56DAD6312B595A9000A30F9C /* ReportEditorColumn.swift in Sources */,
				28737A772783E1BD004D56C1 /* DeleteConfirmationColumn.swift in Sources */,
				56D3856F289C0BBB00E8BEB5 /* CompanyColumn.swift in Sources */,
				56DAD6412B66E4A300A30F9C /* InvoicesConfig.swift in Sources */,
				56B945242886A29F00D312A4 /* NewInvoiceView.swift in Sources */,
				56EB80CA2B5315280046D72C /* ProjectsMenu.swift in Sources */,
				56D38558288C8B5400E8BEB5 /* ChartsView.swift in Sources */,
				56EB80CE2B532C7E0046D72C /* CompaniesList.swift in Sources */,
				56EB80CC2B5315F10046D72C /* InvoicesList.swift in Sources */,
				56D6799728017F0D00133E1B /* Repository.swift in Sources */,
				56D3855D288DF1EF00E8BEB5 /* InvoiceEditorPopover.swift in Sources */,
				2814C1F626E9323A0054FD5B /* Date.swift in Sources */,
				56B9451C28868E0D00D312A4 /* InvoiceStore.swift in Sources */,
				56B9452A2886C34B00D312A4 /* CompaniesStore.swift in Sources */,
				28737A6B278310CD004D56C1 /* CompanyData.swift in Sources */,
				28F91D4E26A1AC110057C5CC /* InvoicesApp.swift in Sources */,
				28737A6F27831131004D56C1 /* InvoiceReport.swift in Sources */,
				28D81C3E27358BD300209EAC /* InvoiceEditor.swift in Sources */,
				56D385682892DE6600E8BEB5 /* ReportEditorPopover.swift in Sources */,
				568AB73E2B50A10600D1679F /* SettingsWindow.swift in Sources */,
				566EE0762B7C287C000353DC /* String.swift in Sources */,
				56B945352887DFA700D312A4 /* NoInvoicesView.swift in Sources */,
				56DAD62E2B59180000A30F9C /* ReportEditorViewModel.swift in Sources */,
				56D679A1280212CC00133E1B /* CompaniesInteractor.swift in Sources */,
				56D385642891E3BB00E8BEB5 /* ReportInteractor.swift in Sources */,
				56B9453028876CFA00D312A4 /* LocalRepository.swift in Sources */,
				56D6799B28020D0400133E1B /* ProjectsInteractor.swift in Sources */,
				56D6799328017C0A00133E1B /* MainStore.swift in Sources */,
				56B94500288485AC00D312A4 /* ReportsInteractor.swift in Sources */,
				28737A68277C83AC004D56C1 /* Company.swift in Sources */,
				28737A5E277BB9D3004D56C1 /* SidebarColumn.swift in Sources */,
				2867F84A27065729002CA8CC /* SandboxRepository.swift in Sources */,
				56DAD6352B59CB7E00A30F9C /* InvoiceEditorViewModel.swift in Sources */,
				563A6D012821807100C3C30A /* ProjectsStore.swift in Sources */,
			);
			runOnlyForDeploymentPostprocessing = 0;
		};
/* End PBXSourcesBuildPhase section */

/* Begin PBXTargetDependency section */
		28C04370274E9EE00057C0D0 /* PBXTargetDependency */ = {
			isa = PBXTargetDependency;
			target = 28F91D4926A1AC100057C5CC /* Invoices */;
			targetProxy = 28C0436F274E9EE00057C0D0 /* PBXContainerItemProxy */;
		};
/* End PBXTargetDependency section */

/* Begin XCBuildConfiguration section */
		28A73D102763B93900F727C3 /* Debug */ = {
			isa = XCBuildConfiguration;
			buildSettings = {
				ASSETCATALOG_COMPILER_APPICON_NAME = AppIcon;
				ASSETCATALOG_COMPILER_GLOBAL_ACCENT_COLOR_NAME = AccentColor;
				CLANG_CXX_LANGUAGE_STANDARD = "gnu++17";
				CODE_SIGN_ENTITLEMENTS = "Invoices iOS/Invoices iOS.entitlements";
				CODE_SIGN_IDENTITY = "Apple Development";
				"CODE_SIGN_IDENTITY[sdk=macosx*]" = "Mac Developer";
				CODE_SIGN_STYLE = Automatic;
				CURRENT_PROJECT_VERSION = 1;
				DEVELOPMENT_ASSET_PATHS = "\"Invoices iOS/Preview Content\"";
				DEVELOPMENT_TEAM = 5NHDC5EV44;
				"ENABLE_HARDENED_RUNTIME[sdk=macosx*]" = NO;
				ENABLE_PREVIEWS = YES;
				GENERATE_INFOPLIST_FILE = YES;
				INFOPLIST_FILE = "Invoices-iOS-Info.plist";
				INFOPLIST_KEY_LSApplicationCategoryType = "public.app-category.finance";
				INFOPLIST_KEY_UIApplicationSceneManifest_Generation = YES;
				INFOPLIST_KEY_UIApplicationSupportsIndirectInputEvents = YES;
				INFOPLIST_KEY_UILaunchScreen_Generation = YES;
				INFOPLIST_KEY_UISupportedInterfaceOrientations_iPad = "UIInterfaceOrientationPortrait UIInterfaceOrientationPortraitUpsideDown UIInterfaceOrientationLandscapeLeft UIInterfaceOrientationLandscapeRight";
				INFOPLIST_KEY_UISupportedInterfaceOrientations_iPhone = "UIInterfaceOrientationPortrait UIInterfaceOrientationLandscapeLeft UIInterfaceOrientationLandscapeRight";
				IPHONEOS_DEPLOYMENT_TARGET = 16.0;
				LD_RUNPATH_SEARCH_PATHS = (
					"$(inherited)",
					"@executable_path/Frameworks",
				);
				MARKETING_VERSION = 1.0;
				PRODUCT_BUNDLE_IDENTIFIER = ro.imagin.Invoices;
				PRODUCT_NAME = Invoices;
				PROVISIONING_PROFILE_SPECIFIER = "";
				"PROVISIONING_PROFILE_SPECIFIER[sdk=macosx*]" = "Invoices dev mac profile";
				SDKROOT = iphoneos;
				SUPPORTS_MACCATALYST = NO;
				SWIFT_EMIT_LOC_STRINGS = YES;
				SWIFT_VERSION = 5.0;
				TARGETED_DEVICE_FAMILY = "1,2";
			};
			name = Debug;
		};
		28A73D112763B93900F727C3 /* Release */ = {
			isa = XCBuildConfiguration;
			buildSettings = {
				ASSETCATALOG_COMPILER_APPICON_NAME = AppIcon;
				ASSETCATALOG_COMPILER_GLOBAL_ACCENT_COLOR_NAME = AccentColor;
				CLANG_CXX_LANGUAGE_STANDARD = "gnu++17";
				CODE_SIGN_ENTITLEMENTS = "Invoices iOS/Invoices iOS.entitlements";
				CODE_SIGN_IDENTITY = "Apple Development";
				"CODE_SIGN_IDENTITY[sdk=macosx*]" = "Mac Developer";
				CODE_SIGN_STYLE = Automatic;
				CURRENT_PROJECT_VERSION = 1;
				DEVELOPMENT_ASSET_PATHS = "\"Invoices iOS/Preview Content\"";
				DEVELOPMENT_TEAM = 5NHDC5EV44;
				"ENABLE_HARDENED_RUNTIME[sdk=macosx*]" = NO;
				ENABLE_PREVIEWS = YES;
				GENERATE_INFOPLIST_FILE = YES;
				INFOPLIST_FILE = "Invoices-iOS-Info.plist";
				INFOPLIST_KEY_LSApplicationCategoryType = "public.app-category.finance";
				INFOPLIST_KEY_UIApplicationSceneManifest_Generation = YES;
				INFOPLIST_KEY_UIApplicationSupportsIndirectInputEvents = YES;
				INFOPLIST_KEY_UILaunchScreen_Generation = YES;
				INFOPLIST_KEY_UISupportedInterfaceOrientations_iPad = "UIInterfaceOrientationPortrait UIInterfaceOrientationPortraitUpsideDown UIInterfaceOrientationLandscapeLeft UIInterfaceOrientationLandscapeRight";
				INFOPLIST_KEY_UISupportedInterfaceOrientations_iPhone = "UIInterfaceOrientationPortrait UIInterfaceOrientationLandscapeLeft UIInterfaceOrientationLandscapeRight";
				IPHONEOS_DEPLOYMENT_TARGET = 16.0;
				LD_RUNPATH_SEARCH_PATHS = (
					"$(inherited)",
					"@executable_path/Frameworks",
				);
				MARKETING_VERSION = 1.0;
				PRODUCT_BUNDLE_IDENTIFIER = ro.imagin.Invoices;
				PRODUCT_NAME = Invoices;
				PROVISIONING_PROFILE_SPECIFIER = "";
				"PROVISIONING_PROFILE_SPECIFIER[sdk=macosx*]" = "Invoices dev mac profile";
				SDKROOT = iphoneos;
				SUPPORTS_MACCATALYST = NO;
				SWIFT_EMIT_LOC_STRINGS = YES;
				SWIFT_VERSION = 5.0;
				TARGETED_DEVICE_FAMILY = "1,2";
				VALIDATE_PRODUCT = YES;
			};
			name = Release;
		};
		28C04372274E9EE00057C0D0 /* Debug */ = {
			isa = XCBuildConfiguration;
			buildSettings = {
				BUNDLE_LOADER = "$(TEST_HOST)";
				CLANG_CXX_LANGUAGE_STANDARD = "gnu++17";
				CODE_SIGN_STYLE = Automatic;
				COMBINE_HIDPI_IMAGES = YES;
				CURRENT_PROJECT_VERSION = 1;
				DEAD_CODE_STRIPPING = YES;
				DEVELOPMENT_TEAM = U8W527Y939;
				GENERATE_INFOPLIST_FILE = YES;
				LD_RUNPATH_SEARCH_PATHS = (
					"$(inherited)",
					"@executable_path/../Frameworks",
					"@loader_path/../Frameworks",
				);
				MACOSX_DEPLOYMENT_TARGET = 12.0;
				MARKETING_VERSION = 1.0;
				PRODUCT_BUNDLE_IDENTIFIER = ro.imagin.InvoicesTests;
				PRODUCT_NAME = "$(TARGET_NAME)";
				SWIFT_EMIT_LOC_STRINGS = NO;
				SWIFT_VERSION = 5.0;
				TEST_HOST = "$(BUILT_PRODUCTS_DIR)/Invoices.app/Contents/MacOS/Invoices";
			};
			name = Debug;
		};
		28C04373274E9EE00057C0D0 /* Release */ = {
			isa = XCBuildConfiguration;
			buildSettings = {
				BUNDLE_LOADER = "$(TEST_HOST)";
				CLANG_CXX_LANGUAGE_STANDARD = "gnu++17";
				CODE_SIGN_STYLE = Automatic;
				COMBINE_HIDPI_IMAGES = YES;
				CURRENT_PROJECT_VERSION = 1;
				DEAD_CODE_STRIPPING = YES;
				DEVELOPMENT_TEAM = U8W527Y939;
				GENERATE_INFOPLIST_FILE = YES;
				LD_RUNPATH_SEARCH_PATHS = (
					"$(inherited)",
					"@executable_path/../Frameworks",
					"@loader_path/../Frameworks",
				);
				MACOSX_DEPLOYMENT_TARGET = 12.0;
				MARKETING_VERSION = 1.0;
				PRODUCT_BUNDLE_IDENTIFIER = ro.imagin.InvoicesTests;
				PRODUCT_NAME = "$(TARGET_NAME)";
				SWIFT_EMIT_LOC_STRINGS = NO;
				SWIFT_VERSION = 5.0;
				TEST_HOST = "$(BUILT_PRODUCTS_DIR)/Invoices.app/Contents/MacOS/Invoices";
			};
			name = Release;
		};
		28F91D5826A1AC150057C5CC /* Debug */ = {
			isa = XCBuildConfiguration;
			buildSettings = {
				ALWAYS_SEARCH_USER_PATHS = NO;
				CLANG_ANALYZER_NONNULL = YES;
				CLANG_ANALYZER_NUMBER_OBJECT_CONVERSION = YES_AGGRESSIVE;
				CLANG_CXX_LANGUAGE_STANDARD = "gnu++14";
				CLANG_CXX_LIBRARY = "libc++";
				CLANG_ENABLE_MODULES = YES;
				CLANG_ENABLE_OBJC_ARC = YES;
				CLANG_ENABLE_OBJC_WEAK = YES;
				CLANG_WARN_BLOCK_CAPTURE_AUTORELEASING = YES;
				CLANG_WARN_BOOL_CONVERSION = YES;
				CLANG_WARN_COMMA = YES;
				CLANG_WARN_CONSTANT_CONVERSION = YES;
				CLANG_WARN_DEPRECATED_OBJC_IMPLEMENTATIONS = YES;
				CLANG_WARN_DIRECT_OBJC_ISA_USAGE = YES_ERROR;
				CLANG_WARN_DOCUMENTATION_COMMENTS = YES;
				CLANG_WARN_EMPTY_BODY = YES;
				CLANG_WARN_ENUM_CONVERSION = YES;
				CLANG_WARN_INFINITE_RECURSION = YES;
				CLANG_WARN_INT_CONVERSION = YES;
				CLANG_WARN_NON_LITERAL_NULL_CONVERSION = YES;
				CLANG_WARN_OBJC_IMPLICIT_RETAIN_SELF = YES;
				CLANG_WARN_OBJC_LITERAL_CONVERSION = YES;
				CLANG_WARN_OBJC_ROOT_CLASS = YES_ERROR;
				CLANG_WARN_QUOTED_INCLUDE_IN_FRAMEWORK_HEADER = YES;
				CLANG_WARN_RANGE_LOOP_ANALYSIS = YES;
				CLANG_WARN_STRICT_PROTOTYPES = YES;
				CLANG_WARN_SUSPICIOUS_MOVE = YES;
				CLANG_WARN_UNGUARDED_AVAILABILITY = YES_AGGRESSIVE;
				CLANG_WARN_UNREACHABLE_CODE = YES;
				CLANG_WARN__DUPLICATE_METHOD_MATCH = YES;
				COPY_PHASE_STRIP = NO;
				DEAD_CODE_STRIPPING = YES;
				DEBUG_INFORMATION_FORMAT = dwarf;
				ENABLE_STRICT_OBJC_MSGSEND = YES;
				ENABLE_TESTABILITY = YES;
				ENABLE_USER_SCRIPT_SANDBOXING = YES;
				GCC_C_LANGUAGE_STANDARD = gnu11;
				GCC_DYNAMIC_NO_PIC = NO;
				GCC_NO_COMMON_BLOCKS = YES;
				GCC_OPTIMIZATION_LEVEL = 0;
				GCC_PREPROCESSOR_DEFINITIONS = (
					"DEBUG=1",
					"$(inherited)",
				);
				GCC_WARN_64_TO_32_BIT_CONVERSION = YES;
				GCC_WARN_ABOUT_RETURN_TYPE = YES_ERROR;
				GCC_WARN_UNDECLARED_SELECTOR = YES;
				GCC_WARN_UNINITIALIZED_AUTOS = YES_AGGRESSIVE;
				GCC_WARN_UNUSED_FUNCTION = YES;
				GCC_WARN_UNUSED_VARIABLE = YES;
				MACOSX_DEPLOYMENT_TARGET = 11.3;
				MTL_ENABLE_DEBUG_INFO = INCLUDE_SOURCE;
				MTL_FAST_MATH = YES;
				ONLY_ACTIVE_ARCH = YES;
				SDKROOT = macosx;
				SWIFT_ACTIVE_COMPILATION_CONDITIONS = DEBUG;
				SWIFT_OPTIMIZATION_LEVEL = "-Onone";
			};
			name = Debug;
		};
		28F91D5926A1AC150057C5CC /* Release */ = {
			isa = XCBuildConfiguration;
			buildSettings = {
				ALWAYS_SEARCH_USER_PATHS = NO;
				CLANG_ANALYZER_NONNULL = YES;
				CLANG_ANALYZER_NUMBER_OBJECT_CONVERSION = YES_AGGRESSIVE;
				CLANG_CXX_LANGUAGE_STANDARD = "gnu++14";
				CLANG_CXX_LIBRARY = "libc++";
				CLANG_ENABLE_MODULES = YES;
				CLANG_ENABLE_OBJC_ARC = YES;
				CLANG_ENABLE_OBJC_WEAK = YES;
				CLANG_WARN_BLOCK_CAPTURE_AUTORELEASING = YES;
				CLANG_WARN_BOOL_CONVERSION = YES;
				CLANG_WARN_COMMA = YES;
				CLANG_WARN_CONSTANT_CONVERSION = YES;
				CLANG_WARN_DEPRECATED_OBJC_IMPLEMENTATIONS = YES;
				CLANG_WARN_DIRECT_OBJC_ISA_USAGE = YES_ERROR;
				CLANG_WARN_DOCUMENTATION_COMMENTS = YES;
				CLANG_WARN_EMPTY_BODY = YES;
				CLANG_WARN_ENUM_CONVERSION = YES;
				CLANG_WARN_INFINITE_RECURSION = YES;
				CLANG_WARN_INT_CONVERSION = YES;
				CLANG_WARN_NON_LITERAL_NULL_CONVERSION = YES;
				CLANG_WARN_OBJC_IMPLICIT_RETAIN_SELF = YES;
				CLANG_WARN_OBJC_LITERAL_CONVERSION = YES;
				CLANG_WARN_OBJC_ROOT_CLASS = YES_ERROR;
				CLANG_WARN_QUOTED_INCLUDE_IN_FRAMEWORK_HEADER = YES;
				CLANG_WARN_RANGE_LOOP_ANALYSIS = YES;
				CLANG_WARN_STRICT_PROTOTYPES = YES;
				CLANG_WARN_SUSPICIOUS_MOVE = YES;
				CLANG_WARN_UNGUARDED_AVAILABILITY = YES_AGGRESSIVE;
				CLANG_WARN_UNREACHABLE_CODE = YES;
				CLANG_WARN__DUPLICATE_METHOD_MATCH = YES;
				COPY_PHASE_STRIP = NO;
				DEAD_CODE_STRIPPING = YES;
				DEBUG_INFORMATION_FORMAT = "dwarf-with-dsym";
				ENABLE_NS_ASSERTIONS = NO;
				ENABLE_STRICT_OBJC_MSGSEND = YES;
				ENABLE_USER_SCRIPT_SANDBOXING = YES;
				GCC_C_LANGUAGE_STANDARD = gnu11;
				GCC_NO_COMMON_BLOCKS = YES;
				GCC_WARN_64_TO_32_BIT_CONVERSION = YES;
				GCC_WARN_ABOUT_RETURN_TYPE = YES_ERROR;
				GCC_WARN_UNDECLARED_SELECTOR = YES;
				GCC_WARN_UNINITIALIZED_AUTOS = YES_AGGRESSIVE;
				GCC_WARN_UNUSED_FUNCTION = YES;
				GCC_WARN_UNUSED_VARIABLE = YES;
				MACOSX_DEPLOYMENT_TARGET = 11.3;
				MTL_ENABLE_DEBUG_INFO = NO;
				MTL_FAST_MATH = YES;
				SDKROOT = macosx;
				SWIFT_COMPILATION_MODE = wholemodule;
				SWIFT_OPTIMIZATION_LEVEL = "-O";
			};
			name = Release;
		};
		28F91D5B26A1AC150057C5CC /* Debug */ = {
			isa = XCBuildConfiguration;
			buildSettings = {
				ASSETCATALOG_COMPILER_APPICON_NAME = AppIcon;
				ASSETCATALOG_COMPILER_GLOBAL_ACCENT_COLOR_NAME = AccentColor;
				CODE_SIGN_ENTITLEMENTS = Invoices/Invoices.entitlements;
				CODE_SIGN_IDENTITY = "Apple Development";
				CODE_SIGN_STYLE = Automatic;
				COMBINE_HIDPI_IMAGES = YES;
				CURRENT_PROJECT_VERSION = 12;
				DEAD_CODE_STRIPPING = YES;
				DEVELOPMENT_ASSET_PATHS = "\"Invoices/Preview Content\"";
				DEVELOPMENT_TEAM = 5NHDC5EV44;
				ENABLE_APP_SANDBOX = YES;
				ENABLE_HARDENED_RUNTIME = YES;
				ENABLE_PREVIEWS = YES;
				ENABLE_USER_SELECTED_FILES = readwrite;
				INFOPLIST_FILE = Invoices/Info.plist;
				INFOPLIST_KEY_LSApplicationCategoryType = "public.app-category.finance";
				LD_RUNPATH_SEARCH_PATHS = (
					"$(inherited)",
					"@executable_path/../Frameworks",
				);
				MACOSX_DEPLOYMENT_TARGET = 13.0;
				MARKETING_VERSION = 1.2;
				PRODUCT_BUNDLE_IDENTIFIER = ro.imagin.Invoices;
				PRODUCT_NAME = "$(TARGET_NAME)";
				PROVISIONING_PROFILE_SPECIFIER = "";
				SWIFT_VERSION = 5.0;
				VERSIONING_SYSTEM = "apple-generic";
			};
			name = Debug;
		};
		28F91D5C26A1AC150057C5CC /* Release */ = {
			isa = XCBuildConfiguration;
			buildSettings = {
				ASSETCATALOG_COMPILER_APPICON_NAME = AppIcon;
				ASSETCATALOG_COMPILER_GLOBAL_ACCENT_COLOR_NAME = AccentColor;
				CODE_SIGN_ENTITLEMENTS = Invoices/Invoices.entitlements;
				CODE_SIGN_IDENTITY = "Apple Development";
				CODE_SIGN_STYLE = Automatic;
				COMBINE_HIDPI_IMAGES = YES;
				CURRENT_PROJECT_VERSION = 12;
				DEAD_CODE_STRIPPING = YES;
				DEVELOPMENT_ASSET_PATHS = "\"Invoices/Preview Content\"";
				DEVELOPMENT_TEAM = "";
				ENABLE_APP_SANDBOX = YES;
				ENABLE_HARDENED_RUNTIME = YES;
				ENABLE_PREVIEWS = YES;
				ENABLE_USER_SELECTED_FILES = readwrite;
				INFOPLIST_FILE = Invoices/Info.plist;
				INFOPLIST_KEY_LSApplicationCategoryType = "public.app-category.finance";
				LD_RUNPATH_SEARCH_PATHS = (
					"$(inherited)",
					"@executable_path/../Frameworks",
				);
				MACOSX_DEPLOYMENT_TARGET = 13.0;
				MARKETING_VERSION = 1.2;
				PRODUCT_BUNDLE_IDENTIFIER = ro.imagin.Invoices;
				PRODUCT_NAME = "$(TARGET_NAME)";
				PROVISIONING_PROFILE_SPECIFIER = "";
				SWIFT_VERSION = 5.0;
				VERSIONING_SYSTEM = "apple-generic";
			};
			name = Release;
		};
/* End XCBuildConfiguration section */

/* Begin XCConfigurationList section */
		28A73D0F2763B93900F727C3 /* Build configuration list for PBXNativeTarget "Invoices iOS" */ = {
			isa = XCConfigurationList;
			buildConfigurations = (
				28A73D102763B93900F727C3 /* Debug */,
				28A73D112763B93900F727C3 /* Release */,
			);
			defaultConfigurationIsVisible = 0;
			defaultConfigurationName = Release;
		};
		28C04371274E9EE00057C0D0 /* Build configuration list for PBXNativeTarget "InvoicesTests" */ = {
			isa = XCConfigurationList;
			buildConfigurations = (
				28C04372274E9EE00057C0D0 /* Debug */,
				28C04373274E9EE00057C0D0 /* Release */,
			);
			defaultConfigurationIsVisible = 0;
			defaultConfigurationName = Release;
		};
		28F91D4526A1AC100057C5CC /* Build configuration list for PBXProject "Invoices" */ = {
			isa = XCConfigurationList;
			buildConfigurations = (
				28F91D5826A1AC150057C5CC /* Debug */,
				28F91D5926A1AC150057C5CC /* Release */,
			);
			defaultConfigurationIsVisible = 0;
			defaultConfigurationName = Release;
		};
		28F91D5A26A1AC150057C5CC /* Build configuration list for PBXNativeTarget "Invoices" */ = {
			isa = XCConfigurationList;
			buildConfigurations = (
				28F91D5B26A1AC150057C5CC /* Debug */,
				28F91D5C26A1AC150057C5CC /* Release */,
			);
			defaultConfigurationIsVisible = 0;
			defaultConfigurationName = Release;
		};
/* End XCConfigurationList section */

/* Begin XCRemoteSwiftPackageReference section */
		28C0435B274BA69F0057C0D0 /* XCRemoteSwiftPackageReference "BarChart" */ = {
			isa = XCRemoteSwiftPackageReference;
			repositoryURL = "https://github.com/dawigr/BarChart.git";
			requirement = {
				kind = upToNextMajorVersion;
				minimumVersion = 1.0.0;
			};
		};
		28D81C412736434C00209EAC /* XCRemoteSwiftPackageReference "SwiftCSV" */ = {
			isa = XCRemoteSwiftPackageReference;
			repositoryURL = "https://github.com/swiftcsv/SwiftCSV";
			requirement = {
				kind = upToNextMajorVersion;
				minimumVersion = 0.6.0;
			};
		};
		56D6798E27FEB1C300133E1B /* XCRemoteSwiftPackageReference "RCPreferences" */ = {
			isa = XCRemoteSwiftPackageReference;
			repositoryURL = "https://github.com/cristibaluta/RCPreferences";
			requirement = {
				branch = master;
				kind = branch;
			};
		};
/* End XCRemoteSwiftPackageReference section */

/* Begin XCSwiftPackageProductDependency section */
		28A73D342763C28A00F727C3 /* BarChart */ = {
			isa = XCSwiftPackageProductDependency;
			package = 28C0435B274BA69F0057C0D0 /* XCRemoteSwiftPackageReference "BarChart" */;
			productName = BarChart;
		};
		28A73D362763C29500F727C3 /* SwiftCSV */ = {
			isa = XCSwiftPackageProductDependency;
			package = 28D81C412736434C00209EAC /* XCRemoteSwiftPackageReference "SwiftCSV" */;
			productName = SwiftCSV;
		};
		28C0435C274BA69F0057C0D0 /* BarChart */ = {
			isa = XCSwiftPackageProductDependency;
			package = 28C0435B274BA69F0057C0D0 /* XCRemoteSwiftPackageReference "BarChart" */;
			productName = BarChart;
		};
		28D81C422736434C00209EAC /* SwiftCSV */ = {
			isa = XCSwiftPackageProductDependency;
			package = 28D81C412736434C00209EAC /* XCRemoteSwiftPackageReference "SwiftCSV" */;
			productName = SwiftCSV;
		};
		564788AC287E959F0034AA4C /* RCPreferences */ = {
			isa = XCSwiftPackageProductDependency;
			package = 56D6798E27FEB1C300133E1B /* XCRemoteSwiftPackageReference "RCPreferences" */;
			productName = RCPreferences;
		};
		56D6798F27FEB1C300133E1B /* RCPreferences */ = {
			isa = XCSwiftPackageProductDependency;
			package = 56D6798E27FEB1C300133E1B /* XCRemoteSwiftPackageReference "RCPreferences" */;
			productName = RCPreferences;
		};
/* End XCSwiftPackageProductDependency section */
	};
	rootObject = 28F91D4226A1AC100057C5CC /* Project object */;
}
