{
  "object": {
    "pins": [
      {
        "package": "BarChart",
        "repositoryURL": "https://github.com/dawigr/BarChart.git",
        "state": {
          "branch": null,
          "revision": "9de87b161763ff44f589ed4822773c174384a9a2",
          "version": "1.3.2"
        }
      },
      {
        "package": "SwiftCSV",
        "repositoryURL": "https://github.com/swiftcsv/SwiftCSV",
        "state": {
          "branch": null,
          "revision": "039cc273dcc91f4c9d85e05a2514bbe63e7dde60",
          "version": "0.6.1"
        }
      }
    ]
  },
  "version": 1
}
