{
  "originHash" : "cd6e3e6625575dfca491e5425cdfcc8ebeb82b1d40f9e8bb413e9a380bca3821",
  "pins" : [
    {
      "identity" : "barchart",
      "kind" : "remoteSourceControl",
      "location" : "https://github.com/dawigr/BarChart.git",
      "state" : {
        "revision" : "9de87b161763ff44f589ed4822773c174384a9a2",
        "version" : "1.3.2"
      }
    },
    {
      "identity" : "rchttp",
      "kind" : "remoteSourceControl",
      "location" : "https://github.com/cristibaluta/RCHttp",
      "state" : {
        "branch" : "master",
        "revision" : "560cb42769bad63d52961b07ac442b3d67fd48d6"
      }
    },
    {
      "identity" : "rclog",
      "kind" : "remoteSourceControl",
      "location" : "https://github.com/cristibaluta/RCLog",
      "state" : {
        "branch" : "master",
        "revision" : "e5777165170c2b77562ceb22eaffec8cbc48a69f"
      }
    },
    {
      "identity" : "rcpreferences",
      "kind" : "remoteSourceControl",
      "location" : "https://github.com/cristibaluta/RCPreferences",
      "state" : {
        "branch" : "master",
        "revision" : "369cde53cbc4d44fd9f4ae74c67c18ec23176657"
      }
    },
    {
      "identity" : "swiftcsv",
      "kind" : "remoteSourceControl",
      "location" : "https://github.com/swiftcsv/SwiftCSV",
      "state" : {
        "revision" : "ad2042d0ba2ea260246b0e1b1d5710cbc53e2836",
        "version" : "0.6.0"
      }
    }
  ],
  "version" : 3
}
